// !$*UTF8*$!
{
	archiveVersion = 1;
	classes = {
	};
	objectVersion = 77;
	objects = {

/* Begin PBXBuildFile section */
		01A8A0EB6F7D24A02B29B077 /* HotkeyMonitor.swift in Sources */ = {isa = PBXBuildFile; fileRef = 5F57AD85956B0A234AB91DFB /* HotkeyMonitor.swift */; };
		0FB0721E5478DC15919B40F1 /* TextPaster.swift in Sources */ = {isa = PBXBuildFile; fileRef = F03B1DDCD62BBCC5D9E2A2C0 /* TextPaster.swift */; };
		159DC21395BBE127DCE45CBE /* WhisperTranscriberTests.swift in Sources */ = {isa = PBXBuildFile; fileRef = 2982CD3A002B866B0EFF8F0E /* WhisperTranscriberTests.swift */; };
		25559AF06485FFA9C25FC1E4 /* SoundEffects.swift in Sources */ = {isa = PBXBuildFile; fileRef = 8BFB6B13754C53B88C25C5C9 /* SoundEffects.swift */; };
		2836F391A17A7520A05DF5EE /* AppState.swift in Sources */ = {isa = PBXBuildFile; fileRef = 003BD88C2EFFAADE4E48E3A4 /* AppState.swift */; };
		35622F89117B1276BDB903B7 /* HotkeyMonitorTests.swift in Sources */ = {isa = PBXBuildFile; fileRef = 0BD0FAF872055B77B36F5BF9 /* HotkeyMonitorTests.swift */; };
		4E0E277935CEDE81576A6344 /* TextCleaner.swift in Sources */ = {isa = PBXBuildFile; fileRef = 06A3AC04528FCE04CF32318E /* TextCleaner.swift */; };
		58DF2F200630FFB7E2F2C6D9 /* WhisperCatApp.swift in Sources */ = {isa = PBXBuildFile; fileRef = 91D06020DF82CB364C76216C /* WhisperCatApp.swift */; };
		5AB598E205F2134ABE3CF1E5 /* PermissionChecker.swift in Sources */ = {isa = PBXBuildFile; fileRef = 9932A44F524C205EB8AE840A /* PermissionChecker.swift */; };
		6D38ECBC2606DE6F97DF3FA1 /* RecordingOverlay.swift in Sources */ = {isa = PBXBuildFile; fileRef = A510D9DDF7FD9E228BD1A560 /* RecordingOverlay.swift */; };
		868CFFCFDBC6DC775724568D /* PromptEditorWindow.swift in Sources */ = {isa = PBXBuildFile; fileRef = A22BB3E68A96720169FFC470 /* PromptEditorWindow.swift */; };
		8CBD27433A339C8523112A74 /* MenuBarView.swift in Sources */ = {isa = PBXBuildFile; fileRef = 439BBC8A4489009B6502C3C3 /* MenuBarView.swift */; };
		9576B9A313A279858D6B7A47 /* LLM in Frameworks */ = {isa = PBXBuildFile; productRef = 6A4E1C5F24A8046839357E57 /* LLM */; };
		A24087685664803C9C0FDBD7 /* WhisperKit in Frameworks */ = {isa = PBXBuildFile; productRef = 720C58D7CC6AE6BCB88B8DF6 /* WhisperKit */; };
		B0964536B90576996494617E /* AudioRecorder.swift in Sources */ = {isa = PBXBuildFile; fileRef = A470F1DE76EDCCCE1C6C8BEE /* AudioRecorder.swift */; };
		B2C94CFE748B47BC91AB713E /* TextCleanupManager.swift in Sources */ = {isa = PBXBuildFile; fileRef = E4A6E0D9A266AE971C097FF2 /* TextCleanupManager.swift */; };
		B7BD351DE1ECC888C1A2E442 /* AudioRecorderTests.swift in Sources */ = {isa = PBXBuildFile; fileRef = C8F1262056E97971DDC4C280 /* AudioRecorderTests.swift */; };
		BFC328A5EC5C27190383C083 /* ModelManager.swift in Sources */ = {isa = PBXBuildFile; fileRef = FAE30E5218AB682D709B805F /* ModelManager.swift */; };
		CA76318448D0B946D4D2CAF1 /* TextPasterTests.swift in Sources */ = {isa = PBXBuildFile; fileRef = F2E237C4EFBDF0BCA5B481D9 /* TextPasterTests.swift */; };
		D1CC1FC4E9069619C2D1A99E /* WhisperCatTests.swift in Sources */ = {isa = PBXBuildFile; fileRef = C6448B6A94297E00FBE83DFF /* WhisperCatTests.swift */; };
		D4EE85AEA03BC8CD006F3C4B /* AudioDeviceManager.swift in Sources */ = {isa = PBXBuildFile; fileRef = D2E0A2B541E6DF3BAE49CE86 /* AudioDeviceManager.swift */; };
		D8B2BE4ACA5F0EE1E39B8AC1 /* WhisperTranscriber.swift in Sources */ = {isa = PBXBuildFile; fileRef = 357D04C5473A25ACAB0EE2AC /* WhisperTranscriber.swift */; };
/* End PBXBuildFile section */

/* Begin PBXContainerItemProxy section */
		172FAD7DA731E7554665985B /* PBXContainerItemProxy */ = {
			isa = PBXContainerItemProxy;
			containerPortal = A3F8329736AEA2364382E277 /* Project object */;
			proxyType = 1;
			remoteGlobalIDString = C3572F0EC1B453EFA192B0EE;
			remoteInfo = WhisperCat;
		};
/* End PBXContainerItemProxy section */

/* Begin PBXFileReference section */
		003BD88C2EFFAADE4E48E3A4 /* AppState.swift */ = {isa = PBXFileReference; lastKnownFileType = sourcecode.swift; path = AppState.swift; sourceTree = "<group>"; };
		06A3AC04528FCE04CF32318E /* TextCleaner.swift */ = {isa = PBXFileReference; lastKnownFileType = sourcecode.swift; path = TextCleaner.swift; sourceTree = "<group>"; };
		0BD0FAF872055B77B36F5BF9 /* HotkeyMonitorTests.swift */ = {isa = PBXFileReference; lastKnownFileType = sourcecode.swift; path = HotkeyMonitorTests.swift; sourceTree = "<group>"; };
		1C20D8D39B7512866FE993D2 /* WhisperCatTests.xctest */ = {isa = PBXFileReference; explicitFileType = wrapper.cfbundle; includeInIndex = 0; path = WhisperCatTests.xctest; sourceTree = BUILT_PRODUCTS_DIR; };
		2738E430F50FDE9A75D36D27 /* WhisperCat.app */ = {isa = PBXFileReference; explicitFileType = wrapper.application; includeInIndex = 0; path = WhisperCat.app; sourceTree = BUILT_PRODUCTS_DIR; };
		2982CD3A002B866B0EFF8F0E /* WhisperTranscriberTests.swift */ = {isa = PBXFileReference; lastKnownFileType = sourcecode.swift; path = WhisperTranscriberTests.swift; sourceTree = "<group>"; };
		357D04C5473A25ACAB0EE2AC /* WhisperTranscriber.swift */ = {isa = PBXFileReference; lastKnownFileType = sourcecode.swift; path = WhisperTranscriber.swift; sourceTree = "<group>"; };
		439BBC8A4489009B6502C3C3 /* MenuBarView.swift */ = {isa = PBXFileReference; lastKnownFileType = sourcecode.swift; path = MenuBarView.swift; sourceTree = "<group>"; };
		5F57AD85956B0A234AB91DFB /* HotkeyMonitor.swift */ = {isa = PBXFileReference; lastKnownFileType = sourcecode.swift; path = HotkeyMonitor.swift; sourceTree = "<group>"; };
		61E364B70F7CF60FF05A54F3 /* WhisperCat.entitlements */ = {isa = PBXFileReference; lastKnownFileType = text.plist.entitlements; path = WhisperCat.entitlements; sourceTree = "<group>"; };
		8BFB6B13754C53B88C25C5C9 /* SoundEffects.swift */ = {isa = PBXFileReference; lastKnownFileType = sourcecode.swift; path = SoundEffects.swift; sourceTree = "<group>"; };
		91D06020DF82CB364C76216C /* WhisperCatApp.swift */ = {isa = PBXFileReference; lastKnownFileType = sourcecode.swift; path = WhisperCatApp.swift; sourceTree = "<group>"; };
		9932A44F524C205EB8AE840A /* PermissionChecker.swift */ = {isa = PBXFileReference; lastKnownFileType = sourcecode.swift; path = PermissionChecker.swift; sourceTree = "<group>"; };
		A22BB3E68A96720169FFC470 /* PromptEditorWindow.swift */ = {isa = PBXFileReference; lastKnownFileType = sourcecode.swift; path = PromptEditorWindow.swift; sourceTree = "<group>"; };
		A470F1DE76EDCCCE1C6C8BEE /* AudioRecorder.swift */ = {isa = PBXFileReference; lastKnownFileType = sourcecode.swift; path = AudioRecorder.swift; sourceTree = "<group>"; };
		A510D9DDF7FD9E228BD1A560 /* RecordingOverlay.swift */ = {isa = PBXFileReference; lastKnownFileType = sourcecode.swift; path = RecordingOverlay.swift; sourceTree = "<group>"; };
		BEC10A44DB0BCB1EC41C0AD5 /* Info.plist */ = {isa = PBXFileReference; lastKnownFileType = text.plist; path = Info.plist; sourceTree = "<group>"; };
		C6448B6A94297E00FBE83DFF /* WhisperCatTests.swift */ = {isa = PBXFileReference; lastKnownFileType = sourcecode.swift; path = WhisperCatTests.swift; sourceTree = "<group>"; };
		C8F1262056E97971DDC4C280 /* AudioRecorderTests.swift */ = {isa = PBXFileReference; lastKnownFileType = sourcecode.swift; path = AudioRecorderTests.swift; sourceTree = "<group>"; };
		D2E0A2B541E6DF3BAE49CE86 /* AudioDeviceManager.swift */ = {isa = PBXFileReference; lastKnownFileType = sourcecode.swift; path = AudioDeviceManager.swift; sourceTree = "<group>"; };
		E4A6E0D9A266AE971C097FF2 /* TextCleanupManager.swift */ = {isa = PBXFileReference; lastKnownFileType = sourcecode.swift; path = TextCleanupManager.swift; sourceTree = "<group>"; };
		F03B1DDCD62BBCC5D9E2A2C0 /* TextPaster.swift */ = {isa = PBXFileReference; lastKnownFileType = sourcecode.swift; path = TextPaster.swift; sourceTree = "<group>"; };
		F2E237C4EFBDF0BCA5B481D9 /* TextPasterTests.swift */ = {isa = PBXFileReference; lastKnownFileType = sourcecode.swift; path = TextPasterTests.swift; sourceTree = "<group>"; };
		FAE30E5218AB682D709B805F /* ModelManager.swift */ = {isa = PBXFileReference; lastKnownFileType = sourcecode.swift; path = ModelManager.swift; sourceTree = "<group>"; };
/* End PBXFileReference section */

/* Begin PBXFrameworksBuildPhase section */
		72E157344017E6075D1CB15C /* Frameworks */ = {
			isa = PBXFrameworksBuildPhase;
			buildActionMask = 2147483647;
			files = (
				A24087685664803C9C0FDBD7 /* WhisperKit in Frameworks */,
				9576B9A313A279858D6B7A47 /* LLM in Frameworks */,
			);
			runOnlyForDeploymentPostprocessing = 0;
		};
/* End PBXFrameworksBuildPhase section */

/* Begin PBXGroup section */
		2697E571BDDDBE55A21E523D = {
			isa = PBXGroup;
			children = (
				A0110B0EE351C6BA30B9A992 /* WhisperCat */,
				C610F50E8E2EABFA523A7D2D /* WhisperCatTests */,
				666BB0E93726D928E709BD0E /* Products */,
			);
			sourceTree = "<group>";
		};
		5EDB93F357F2F16253C13B6D /* Transcription */ = {
			isa = PBXGroup;
			children = (
				FAE30E5218AB682D709B805F /* ModelManager.swift */,
				357D04C5473A25ACAB0EE2AC /* WhisperTranscriber.swift */,
			);
			path = Transcription;
			sourceTree = "<group>";
		};
		666BB0E93726D928E709BD0E /* Products */ = {
			isa = PBXGroup;
			children = (
				2738E430F50FDE9A75D36D27 /* WhisperCat.app */,
				1C20D8D39B7512866FE993D2 /* WhisperCatTests.xctest */,
			);
			name = Products;
			sourceTree = "<group>";
		};
		69CD3AE43B9493EBDBFDA2A7 /* Input */ = {
			isa = PBXGroup;
			children = (
				5F57AD85956B0A234AB91DFB /* HotkeyMonitor.swift */,
				F03B1DDCD62BBCC5D9E2A2C0 /* TextPaster.swift */,
			);
			path = Input;
			sourceTree = "<group>";
		};
		9F25EF2F1E79C5A84FE50487 /* Cleanup */ = {
			isa = PBXGroup;
			children = (
				06A3AC04528FCE04CF32318E /* TextCleaner.swift */,
				E4A6E0D9A266AE971C097FF2 /* TextCleanupManager.swift */,
			);
			path = Cleanup;
			sourceTree = "<group>";
		};
		A0110B0EE351C6BA30B9A992 /* WhisperCat */ = {
			isa = PBXGroup;
			children = (
				003BD88C2EFFAADE4E48E3A4 /* AppState.swift */,
				BEC10A44DB0BCB1EC41C0AD5 /* Info.plist */,
				9932A44F524C205EB8AE840A /* PermissionChecker.swift */,
				61E364B70F7CF60FF05A54F3 /* WhisperCat.entitlements */,
				91D06020DF82CB364C76216C /* WhisperCatApp.swift */,
				C750C1763C19A7B31812A4FC /* Audio */,
				9F25EF2F1E79C5A84FE50487 /* Cleanup */,
				69CD3AE43B9493EBDBFDA2A7 /* Input */,
				5EDB93F357F2F16253C13B6D /* Transcription */,
				D322064D82007C428172CBD5 /* UI */,
			);
			path = WhisperCat;
			sourceTree = "<group>";
		};
		C610F50E8E2EABFA523A7D2D /* WhisperCatTests */ = {
			isa = PBXGroup;
			children = (
				C8F1262056E97971DDC4C280 /* AudioRecorderTests.swift */,
				0BD0FAF872055B77B36F5BF9 /* HotkeyMonitorTests.swift */,
				F2E237C4EFBDF0BCA5B481D9 /* TextPasterTests.swift */,
				C6448B6A94297E00FBE83DFF /* WhisperCatTests.swift */,
				2982CD3A002B866B0EFF8F0E /* WhisperTranscriberTests.swift */,
			);
			path = WhisperCatTests;
			sourceTree = "<group>";
		};
		C750C1763C19A7B31812A4FC /* Audio */ = {
			isa = PBXGroup;
			children = (
				D2E0A2B541E6DF3BAE49CE86 /* AudioDeviceManager.swift */,
				A470F1DE76EDCCCE1C6C8BEE /* AudioRecorder.swift */,
				8BFB6B13754C53B88C25C5C9 /* SoundEffects.swift */,
			);
			path = Audio;
			sourceTree = "<group>";
		};
		D322064D82007C428172CBD5 /* UI */ = {
			isa = PBXGroup;
			children = (
				439BBC8A4489009B6502C3C3 /* MenuBarView.swift */,
				A22BB3E68A96720169FFC470 /* PromptEditorWindow.swift */,
				A510D9DDF7FD9E228BD1A560 /* RecordingOverlay.swift */,
			);
			path = UI;
			sourceTree = "<group>";
		};
/* End PBXGroup section */

/* Begin PBXNativeTarget section */
		B238F2680E0DD22D26CCAABB /* WhisperCatTests */ = {
			isa = PBXNativeTarget;
			buildConfigurationList = 592F10533EA9B5795DFDEE1C /* Build configuration list for PBXNativeTarget "WhisperCatTests" */;
			buildPhases = (
				490C3F70C56E0AF0B121BA27 /* Sources */,
			);
			buildRules = (
			);
			dependencies = (
				A5FB0C220E26E2F11D716830 /* PBXTargetDependency */,
			);
			name = WhisperCatTests;
			packageProductDependencies = (
			);
			productName = WhisperCatTests;
			productReference = 1C20D8D39B7512866FE993D2 /* WhisperCatTests.xctest */;
			productType = "com.apple.product-type.bundle.unit-test";
		};
		C3572F0EC1B453EFA192B0EE /* WhisperCat */ = {
			isa = PBXNativeTarget;
			buildConfigurationList = 4A49DB87C8CCDBEF28468D5E /* Build configuration list for PBXNativeTarget "WhisperCat" */;
			buildPhases = (
				66733EE3F861D544A0525408 /* Sources */,
				72E157344017E6075D1CB15C /* Frameworks */,
			);
			buildRules = (
			);
			dependencies = (
			);
			name = WhisperCat;
			packageProductDependencies = (
				720C58D7CC6AE6BCB88B8DF6 /* WhisperKit */,
				6A4E1C5F24A8046839357E57 /* LLM */,
			);
			productName = WhisperCat;
			productReference = 2738E430F50FDE9A75D36D27 /* WhisperCat.app */;
			productType = "com.apple.product-type.application";
		};
/* End PBXNativeTarget section */

/* Begin PBXProject section */
		A3F8329736AEA2364382E277 /* Project object */ = {
			isa = PBXProject;
			attributes = {
				BuildIndependentTargetsInParallel = YES;
				LastUpgradeCheck = 1600;
				TargetAttributes = {
					C3572F0EC1B453EFA192B0EE = {
						DevelopmentTeam = BBVMGXR9AY;
						ProvisioningStyle = Automatic;
					};
				};
			};
			buildConfigurationList = 580E0FD7493FAEEC60FACAC2 /* Build configuration list for PBXProject "WhisperCat" */;
			compatibilityVersion = "Xcode 14.0";
			developmentRegion = en;
			hasScannedForEncodings = 0;
			knownRegions = (
				Base,
				en,
			);
			mainGroup = 2697E571BDDDBE55A21E523D;
			minimizedProjectReferenceProxies = 1;
			packageReferences = (
				E8CB32899A59A0FAA457634C /* XCRemoteSwiftPackageReference "LLM.swift" */,
				EA163AF2C734ACDEAE522852 /* XCRemoteSwiftPackageReference "WhisperKit" */,
			);
			preferredProjectObjectVersion = 77;
			projectDirPath = "";
			projectRoot = "";
			targets = (
				C3572F0EC1B453EFA192B0EE /* WhisperCat */,
				B238F2680E0DD22D26CCAABB /* WhisperCatTests */,
			);
		};
/* End PBXProject section */

/* Begin PBXSourcesBuildPhase section */
		490C3F70C56E0AF0B121BA27 /* Sources */ = {
			isa = PBXSourcesBuildPhase;
			buildActionMask = 2147483647;
			files = (
				B7BD351DE1ECC888C1A2E442 /* AudioRecorderTests.swift in Sources */,
				35622F89117B1276BDB903B7 /* HotkeyMonitorTests.swift in Sources */,
				CA76318448D0B946D4D2CAF1 /* TextPasterTests.swift in Sources */,
				D1CC1FC4E9069619C2D1A99E /* WhisperCatTests.swift in Sources */,
				159DC21395BBE127DCE45CBE /* WhisperTranscriberTests.swift in Sources */,
			);
			runOnlyForDeploymentPostprocessing = 0;
		};
		66733EE3F861D544A0525408 /* Sources */ = {
			isa = PBXSourcesBuildPhase;
			buildActionMask = 2147483647;
			files = (
				2836F391A17A7520A05DF5EE /* AppState.swift in Sources */,
				D4EE85AEA03BC8CD006F3C4B /* AudioDeviceManager.swift in Sources */,
				B0964536B90576996494617E /* AudioRecorder.swift in Sources */,
				01A8A0EB6F7D24A02B29B077 /* HotkeyMonitor.swift in Sources */,
				8CBD27433A339C8523112A74 /* MenuBarView.swift in Sources */,
				BFC328A5EC5C27190383C083 /* ModelManager.swift in Sources */,
				5AB598E205F2134ABE3CF1E5 /* PermissionChecker.swift in Sources */,
				868CFFCFDBC6DC775724568D /* PromptEditorWindow.swift in Sources */,
				6D38ECBC2606DE6F97DF3FA1 /* RecordingOverlay.swift in Sources */,
				25559AF06485FFA9C25FC1E4 /* SoundEffects.swift in Sources */,
				4E0E277935CEDE81576A6344 /* TextCleaner.swift in Sources */,
				B2C94CFE748B47BC91AB713E /* TextCleanupManager.swift in Sources */,
				0FB0721E5478DC15919B40F1 /* TextPaster.swift in Sources */,
				58DF2F200630FFB7E2F2C6D9 /* WhisperCatApp.swift in Sources */,
				D8B2BE4ACA5F0EE1E39B8AC1 /* WhisperTranscriber.swift in Sources */,
			);
			runOnlyForDeploymentPostprocessing = 0;
		};
/* End PBXSourcesBuildPhase section */

/* Begin PBXTargetDependency section */
		A5FB0C220E26E2F11D716830 /* PBXTargetDependency */ = {
			isa = PBXTargetDependency;
			target = C3572F0EC1B453EFA192B0EE /* WhisperCat */;
			targetProxy = 172FAD7DA731E7554665985B /* PBXContainerItemProxy */;
		};
/* End PBXTargetDependency section */

/* Begin XCBuildConfiguration section */
		557BAC6AE22205B04E140933 /* Debug */ = {
			isa = XCBuildConfiguration;
			buildSettings = {
				BUNDLE_LOADER = "$(TEST_HOST)";
				COMBINE_HIDPI_IMAGES = YES;
				GENERATE_INFOPLIST_FILE = YES;
				LD_RUNPATH_SEARCH_PATHS = (
					"$(inherited)",
					"@executable_path/../Frameworks",
					"@loader_path/../Frameworks",
				);
				PRODUCT_BUNDLE_IDENTIFIER = com.whispercat.WhisperCatTests;
				SDKROOT = macosx;
				TEST_HOST = "$(BUILT_PRODUCTS_DIR)/WhisperCat.app/Contents/MacOS/WhisperCat";
			};
			name = Debug;
		};
		5C7E0593E403710E4491EA0E /* Release */ = {
			isa = XCBuildConfiguration;
			buildSettings = {
				ALWAYS_SEARCH_USER_PATHS = NO;
				CLANG_ANALYZER_NONNULL = YES;
				CLANG_ANALYZER_NUMBER_OBJECT_CONVERSION = YES_AGGRESSIVE;
				CLANG_CXX_LANGUAGE_STANDARD = "gnu++14";
				CLANG_CXX_LIBRARY = "libc++";
				CLANG_ENABLE_MODULES = YES;
				CLANG_ENABLE_OBJC_ARC = YES;
				CLANG_ENABLE_OBJC_WEAK = YES;
				CLANG_WARN_BLOCK_CAPTURE_AUTORELEASING = YES;
				CLANG_WARN_BOOL_CONVERSION = YES;
				CLANG_WARN_COMMA = YES;
				CLANG_WARN_CONSTANT_CONVERSION = YES;
				CLANG_WARN_DEPRECATED_OBJC_IMPLEMENTATIONS = YES;
				CLANG_WARN_DIRECT_OBJC_ISA_USAGE = YES_ERROR;
				CLANG_WARN_DOCUMENTATION_COMMENTS = YES;
				CLANG_WARN_EMPTY_BODY = YES;
				CLANG_WARN_ENUM_CONVERSION = YES;
				CLANG_WARN_INFINITE_RECURSION = YES;
				CLANG_WARN_INT_CONVERSION = YES;
				CLANG_WARN_NON_LITERAL_NULL_CONVERSION = YES;
				CLANG_WARN_OBJC_IMPLICIT_RETAIN_SELF = YES;
				CLANG_WARN_OBJC_LITERAL_CONVERSION = YES;
				CLANG_WARN_OBJC_ROOT_CLASS = YES_ERROR;
				CLANG_WARN_QUOTED_INCLUDE_IN_FRAMEWORK_HEADER = YES;
				CLANG_WARN_RANGE_LOOP_ANALYSIS = YES;
				CLANG_WARN_STRICT_PROTOTYPES = YES;
				CLANG_WARN_SUSPICIOUS_MOVE = YES;
				CLANG_WARN_UNGUARDED_AVAILABILITY = YES_AGGRESSIVE;
				CLANG_WARN_UNREACHABLE_CODE = YES;
				CLANG_WARN__DUPLICATE_METHOD_MATCH = YES;
				COPY_PHASE_STRIP = NO;
				DEBUG_INFORMATION_FORMAT = "dwarf-with-dsym";
				ENABLE_NS_ASSERTIONS = NO;
				ENABLE_STRICT_OBJC_MSGSEND = YES;
				GCC_C_LANGUAGE_STANDARD = gnu11;
				GCC_NO_COMMON_BLOCKS = YES;
				GCC_WARN_64_TO_32_BIT_CONVERSION = YES;
				GCC_WARN_ABOUT_RETURN_TYPE = YES_ERROR;
				GCC_WARN_UNDECLARED_SELECTOR = YES;
				GCC_WARN_UNINITIALIZED_AUTOS = YES_AGGRESSIVE;
				GCC_WARN_UNUSED_FUNCTION = YES;
				GCC_WARN_UNUSED_VARIABLE = YES;
				MACOSX_DEPLOYMENT_TARGET = 14.0;
				MTL_ENABLE_DEBUG_INFO = NO;
				MTL_FAST_MATH = YES;
				PRODUCT_NAME = "$(TARGET_NAME)";
				SDKROOT = macosx;
				SWIFT_COMPILATION_MODE = wholemodule;
				SWIFT_OPTIMIZATION_LEVEL = "-O";
				SWIFT_VERSION = 5.0;
			};
			name = Release;
		};
		6714653F3D0B31D17F727626 /* Debug */ = {
			isa = XCBuildConfiguration;
			buildSettings = {
				ASSETCATALOG_COMPILER_APPICON_NAME = AppIcon;
				CODE_SIGN_ENTITLEMENTS = WhisperCat/WhisperCat.entitlements;
				CODE_SIGN_IDENTITY = "Apple Development";
				CODE_SIGN_STYLE = Automatic;
				COMBINE_HIDPI_IMAGES = YES;
				DEVELOPMENT_TEAM = BBVMGXR9AY;
				ENABLE_APP_SANDBOX = NO;
				ENABLE_HARDENED_RUNTIME = NO;
				INFOPLIST_FILE = WhisperCat/Info.plist;
				LD_RUNPATH_SEARCH_PATHS = (
					"$(inherited)",
					"@executable_path/../Frameworks",
				);
				PRODUCT_BUNDLE_IDENTIFIER = com.whispercat.app;
				SDKROOT = macosx;
			};
			name = Debug;
		};
		75330F0CD57D31AF94908543 /* Release */ = {
			isa = XCBuildConfiguration;
			buildSettings = {
				BUNDLE_LOADER = "$(TEST_HOST)";
				COMBINE_HIDPI_IMAGES = YES;
				GENERATE_INFOPLIST_FILE = YES;
				LD_RUNPATH_SEARCH_PATHS = (
					"$(inherited)",
					"@executable_path/../Frameworks",
					"@loader_path/../Frameworks",
				);
				PRODUCT_BUNDLE_IDENTIFIER = com.whispercat.WhisperCatTests;
				SDKROOT = macosx;
				TEST_HOST = "$(BUILT_PRODUCTS_DIR)/WhisperCat.app/Contents/MacOS/WhisperCat";
			};
			name = Release;
		};
		82DCE3574EAAE88163676B65 /* Debug */ = {
			isa = XCBuildConfiguration;
			buildSettings = {
				ALWAYS_SEARCH_USER_PATHS = NO;
				CLANG_ANALYZER_NONNULL = YES;
				CLANG_ANALYZER_NUMBER_OBJECT_CONVERSION = YES_AGGRESSIVE;
				CLANG_CXX_LANGUAGE_STANDARD = "gnu++14";
				CLANG_CXX_LIBRARY = "libc++";
				CLANG_ENABLE_MODULES = YES;
				CLANG_ENABLE_OBJC_ARC = YES;
				CLANG_ENABLE_OBJC_WEAK = YES;
				CLANG_WARN_BLOCK_CAPTURE_AUTORELEASING = YES;
				CLANG_WARN_BOOL_CONVERSION = YES;
				CLANG_WARN_COMMA = YES;
				CLANG_WARN_CONSTANT_CONVERSION = YES;
				CLANG_WARN_DEPRECATED_OBJC_IMPLEMENTATIONS = YES;
				CLANG_WARN_DIRECT_OBJC_ISA_USAGE = YES_ERROR;
				CLANG_WARN_DOCUMENTATION_COMMENTS = YES;
				CLANG_WARN_EMPTY_BODY = YES;
				CLANG_WARN_ENUM_CONVERSION = YES;
				CLANG_WARN_INFINITE_RECURSION = YES;
				CLANG_WARN_INT_CONVERSION = YES;
				CLANG_WARN_NON_LITERAL_NULL_CONVERSION = YES;
				CLANG_WARN_OBJC_IMPLICIT_RETAIN_SELF = YES;
				CLANG_WARN_OBJC_LITERAL_CONVERSION = YES;
				CLANG_WARN_OBJC_ROOT_CLASS = YES_ERROR;
				CLANG_WARN_QUOTED_INCLUDE_IN_FRAMEWORK_HEADER = YES;
				CLANG_WARN_RANGE_LOOP_ANALYSIS = YES;
				CLANG_WARN_STRICT_PROTOTYPES = YES;
				CLANG_WARN_SUSPICIOUS_MOVE = YES;
				CLANG_WARN_UNGUARDED_AVAILABILITY = YES_AGGRESSIVE;
				CLANG_WARN_UNREACHABLE_CODE = YES;
				CLANG_WARN__DUPLICATE_METHOD_MATCH = YES;
				COPY_PHASE_STRIP = NO;
				DEBUG_INFORMATION_FORMAT = dwarf;
				ENABLE_STRICT_OBJC_MSGSEND = YES;
				ENABLE_TESTABILITY = YES;
				GCC_C_LANGUAGE_STANDARD = gnu11;
				GCC_DYNAMIC_NO_PIC = NO;
				GCC_NO_COMMON_BLOCKS = YES;
				GCC_OPTIMIZATION_LEVEL = 0;
				GCC_PREPROCESSOR_DEFINITIONS = (
					"$(inherited)",
					"DEBUG=1",
				);
				GCC_WARN_64_TO_32_BIT_CONVERSION = YES;
				GCC_WARN_ABOUT_RETURN_TYPE = YES_ERROR;
				GCC_WARN_UNDECLARED_SELECTOR = YES;
				GCC_WARN_UNINITIALIZED_AUTOS = YES_AGGRESSIVE;
				GCC_WARN_UNUSED_FUNCTION = YES;
				GCC_WARN_UNUSED_VARIABLE = YES;
				MACOSX_DEPLOYMENT_TARGET = 14.0;
				MTL_ENABLE_DEBUG_INFO = INCLUDE_SOURCE;
				MTL_FAST_MATH = YES;
				ONLY_ACTIVE_ARCH = YES;
				PRODUCT_NAME = "$(TARGET_NAME)";
				SDKROOT = macosx;
				SWIFT_ACTIVE_COMPILATION_CONDITIONS = DEBUG;
				SWIFT_OPTIMIZATION_LEVEL = "-Onone";
				SWIFT_VERSION = 5.0;
			};
			name = Debug;
		};
		B840F05C9FB9FA8EDB59E2A0 /* Release */ = {
			isa = XCBuildConfiguration;
			buildSettings = {
				ASSETCATALOG_COMPILER_APPICON_NAME = AppIcon;
				CODE_SIGN_ENTITLEMENTS = WhisperCat/WhisperCat.entitlements;
				CODE_SIGN_IDENTITY = "Apple Development";
				CODE_SIGN_STYLE = Automatic;
				COMBINE_HIDPI_IMAGES = YES;
				DEVELOPMENT_TEAM = BBVMGXR9AY;
				ENABLE_APP_SANDBOX = NO;
				ENABLE_HARDENED_RUNTIME = NO;
				INFOPLIST_FILE = WhisperCat/Info.plist;
				LD_RUNPATH_SEARCH_PATHS = (
					"$(inherited)",
					"@executable_path/../Frameworks",
				);
				PRODUCT_BUNDLE_IDENTIFIER = com.whispercat.app;
				SDKROOT = macosx;
			};
			name = Release;
		};
/* End XCBuildConfiguration section */

/* Begin XCConfigurationList section */
		4A49DB87C8CCDBEF28468D5E /* Build configuration list for PBXNativeTarget "WhisperCat" */ = {
			isa = XCConfigurationList;
			buildConfigurations = (
				6714653F3D0B31D17F727626 /* Debug */,
				B840F05C9FB9FA8EDB59E2A0 /* Release */,
			);
			defaultConfigurationIsVisible = 0;
			defaultConfigurationName = Debug;
		};
		580E0FD7493FAEEC60FACAC2 /* Build configuration list for PBXProject "WhisperCat" */ = {
			isa = XCConfigurationList;
			buildConfigurations = (
				82DCE3574EAAE88163676B65 /* Debug */,
				5C7E0593E403710E4491EA0E /* Release */,
			);
			defaultConfigurationIsVisible = 0;
			defaultConfigurationName = Debug;
		};
		592F10533EA9B5795DFDEE1C /* Build configuration list for PBXNativeTarget "WhisperCatTests" */ = {
			isa = XCConfigurationList;
			buildConfigurations = (
				557BAC6AE22205B04E140933 /* Debug */,
				75330F0CD57D31AF94908543 /* Release */,
			);
			defaultConfigurationIsVisible = 0;
			defaultConfigurationName = Debug;
		};
/* End XCConfigurationList section */

/* Begin XCRemoteSwiftPackageReference section */
		E8CB32899A59A0FAA457634C /* XCRemoteSwiftPackageReference "LLM.swift" */ = {
			isa = XCRemoteSwiftPackageReference;
			repositoryURL = "https://github.com/eastriverlee/LLM.swift.git";
			requirement = {
				branch = main;
				kind = branch;
			};
		};
		EA163AF2C734ACDEAE522852 /* XCRemoteSwiftPackageReference "WhisperKit" */ = {
			isa = XCRemoteSwiftPackageReference;
			repositoryURL = "https://github.com/argmaxinc/WhisperKit.git";
			requirement = {
				kind = upToNextMajorVersion;
				minimumVersion = 0.16.0;
			};
		};
/* End XCRemoteSwiftPackageReference section */

/* Begin XCSwiftPackageProductDependency section */
		6A4E1C5F24A8046839357E57 /* LLM */ = {
			isa = XCSwiftPackageProductDependency;
			package = E8CB32899A59A0FAA457634C /* XCRemoteSwiftPackageReference "LLM.swift" */;
			productName = LLM;
		};
		720C58D7CC6AE6BCB88B8DF6 /* WhisperKit */ = {
			isa = XCSwiftPackageProductDependency;
			package = EA163AF2C734ACDEAE522852 /* XCRemoteSwiftPackageReference "WhisperKit" */;
			productName = WhisperKit;
		};
/* End XCSwiftPackageProductDependency section */
	};
	rootObject = A3F8329736AEA2364382E277 /* Project object */;
}
