// !$*UTF8*$!
{
	archiveVersion = 1;
	classes = {
	};
	objectVersion = 77;
	objects = {

/* Begin PBXBuildFile section */
		056C454F3BD1A9795C6775A5 /* ScreenRecordingPermissionController.swift in Sources */ = {isa = PBXBuildFile; fileRef = 11E4B61BA7270EEC11A8AC69 /* ScreenRecordingPermissionController.swift */; };
		0606E11E6F102BBB44ED08B6 /* ScreenRecordingPermissionControllerTests.swift in Sources */ = {isa = PBXBuildFile; fileRef = 9C9ECBFE04804AA79262A07B /* ScreenRecordingPermissionControllerTests.swift */; };
		0A1823314AE4FF4E17DCF627 /* sprite_frame_0.png in Resources */ = {isa = PBXBuildFile; fileRef = 2AF744C59EEAE51FC81BE6D6 /* sprite_frame_0.png */; };
		0BC5D4645D21CA8AA000972E /* RecordingOverlay.swift in Sources */ = {isa = PBXBuildFile; fileRef = 9A3540C6212101C885EA22CD /* RecordingOverlay.swift */; };
		0D32E8DDD47F77F86D9C1816 /* CleanupModelProbeRunnerTests.swift in Sources */ = {isa = PBXBuildFile; fileRef = A1B93B4F9F40EE6BD8525677 /* CleanupModelProbeRunnerTests.swift */; };
		11B19088ACBD174CFD3DD531 /* CleanupPromptBuilder.swift in Sources */ = {isa = PBXBuildFile; fileRef = FDC6FD42E70C7163E281332B /* CleanupPromptBuilder.swift */; };
		17AF31EA19761CA8B7DF5F9A /* CleanupSettings.swift in Sources */ = {isa = PBXBuildFile; fileRef = 0065F99395EEC3EB77997C2C /* CleanupSettings.swift */; };
		194F5FBCC55E0EA3E0351C15 /* SpeechModelCatalog.swift in Sources */ = {isa = PBXBuildFile; fileRef = BD317A8D8E749E5596734DB7 /* SpeechModelCatalog.swift */; };
		1AB34878C4E7E375F34A1339 /* CleanupModelProbeRunner.swift in Sources */ = {isa = PBXBuildFile; fileRef = 7201BD31C20BC2B1D0E51DB6 /* CleanupModelProbeRunner.swift */; };
		1BA7D7D7A6F2FBFE95CC7206 /* LLM in Frameworks */ = {isa = PBXBuildFile; productRef = 28AB9D6DD22DB83ADFC3F6F3 /* LLM */; };
		1D533340C55B7F67AE1B4E94 /* CleanupPromptBuilder.swift in Sources */ = {isa = PBXBuildFile; fileRef = 948064EDD38AFB0872A99BD6 /* CleanupPromptBuilder.swift */; };
		1EF06A7EA54855634307E6A8 /* sprite_frame_4@2x.png in Resources */ = {isa = PBXBuildFile; fileRef = E0BBD0F5DD1B827D03F0F8F6 /* sprite_frame_4@2x.png */; };
		2230B29BF920D15E5150B97E /* ChordAction.swift in Sources */ = {isa = PBXBuildFile; fileRef = 4E725F86E5430DC36EB03272 /* ChordAction.swift */; };
		242A5D63A9F6E3FAD4E09F7D /* AudioRecorderTests.swift in Sources */ = {isa = PBXBuildFile; fileRef = 960D35875D60655B17574DF8 /* AudioRecorderTests.swift */; };
		2911F1771ED7BA232F973EC1 /* FrontmostWindowOCRService.swift in Sources */ = {isa = PBXBuildFile; fileRef = 1DC632CC6DD4F55F2FA05480 /* FrontmostWindowOCRService.swift */; };
		2BEB4B4A879A749C8B92BE44 /* CorrectionStore.swift in Sources */ = {isa = PBXBuildFile; fileRef = 8D087A4D4CD5C6D3C293AE56 /* CorrectionStore.swift */; };
		2D74E2B753F02B4D39999E57 /* main.swift in Sources */ = {isa = PBXBuildFile; fileRef = 40927DEAA2F7DE3C290536F7 /* main.swift */; };
		31E37E3EDDB8A0E5011BCA54 /* GhostPepperApp.swift in Sources */ = {isa = PBXBuildFile; fileRef = DF9AE24266DDCCADE832CF33 /* GhostPepperApp.swift */; };
		3512549BBD28CC74C0137FA3 /* CorrectionStoreTests.swift in Sources */ = {isa = PBXBuildFile; fileRef = 350AC3A5A34A78F96226831C /* CorrectionStoreTests.swift */; };
		3616DFB43A67CFF21CBC1143 /* DeterministicCorrectionEngine.swift in Sources */ = {isa = PBXBuildFile; fileRef = F87C9F07E35DD5E300B3F7D5 /* DeterministicCorrectionEngine.swift */; };
		361E7532F651C1BF7F0D0724 /* TextCleaner.swift in Sources */ = {isa = PBXBuildFile; fileRef = 37863EC2F34067ED0C5B2B6F /* TextCleaner.swift */; };
		36715F4371E0C7AA79F4504D /* CleanupModelProbeCLI.swift in Sources */ = {isa = PBXBuildFile; fileRef = 4FCF12D0FBB05F424AAB2E68 /* CleanupModelProbeCLI.swift */; };
		38C7C0D8BB32CF7023CDE37B /* sprite_frame_2@2x.png in Resources */ = {isa = PBXBuildFile; fileRef = 029E36727193D8502C69FB38 /* sprite_frame_2@2x.png */; };
		3972174DE774A173431A5EA7 /* TextCleanupManager.swift in Sources */ = {isa = PBXBuildFile; fileRef = CCE81899A3B0F5CB9777BD6A /* TextCleanupManager.swift */; };
		3989B83A45309986C17953D8 /* LocalLLMCleanupBackend.swift in Sources */ = {isa = PBXBuildFile; fileRef = 23B813180F29336A298BE44E /* LocalLLMCleanupBackend.swift */; };
		3E0533A0DF5754339BF5C410 /* DeterministicCorrectionEngine.swift in Sources */ = {isa = PBXBuildFile; fileRef = 3E2627BAB1434095C84F80A8 /* DeterministicCorrectionEngine.swift */; };
		408C8D6C7BE897429324F4F1 /* PerformanceTrace.swift in Sources */ = {isa = PBXBuildFile; fileRef = 016C38149DDDAA03B88E35C0 /* PerformanceTrace.swift */; };
		41C94A48B97D3A6861EA1E92 /* PostPasteLearningCoordinatorTests.swift in Sources */ = {isa = PBXBuildFile; fileRef = ABAC2D0F6C311FB1DA3E9ABF /* PostPasteLearningCoordinatorTests.swift */; };
		4CFBE4928A2B811D649B4140 /* TextCleanupManager.swift in Sources */ = {isa = PBXBuildFile; fileRef = 37C0D4F04FFD2C13DEACA238 /* TextCleanupManager.swift */; };
		4EAE492B8F7F4CB18D2E0FE9 /* AudioRecorder.swift in Sources */ = {isa = PBXBuildFile; fileRef = 8F5407DA5D09555EDD69CA54 /* AudioRecorder.swift */; };
		4F4C2206E3914B226A9DE4C0 /* PhysicalKey.swift in Sources */ = {isa = PBXBuildFile; fileRef = BA57E9C267251FC86A8C8672 /* PhysicalKey.swift */; };
		527B55EBCA9ACB4EC0FBC618 /* sprite_frame_0@2x.png in Resources */ = {isa = PBXBuildFile; fileRef = 79231C6829FD88741536FF4A /* sprite_frame_0@2x.png */; };
		5473AA5B45F41F058B0503A0 /* sprite_frame_4.png in Resources */ = {isa = PBXBuildFile; fileRef = E02A8770518755585231EA8E /* sprite_frame_4.png */; };
		5589DDF10DE9446993C99B6B /* MenuBarView.swift in Sources */ = {isa = PBXBuildFile; fileRef = AACCB8CD3CFA3BA1C91B5B87 /* MenuBarView.swift */; };
		5651037151CFDA0813775EFF /* SoundEffects.swift in Sources */ = {isa = PBXBuildFile; fileRef = DFB769497B3910DF44EF911F /* SoundEffects.swift */; };
		571085951E318B0ADD2B00EA /* RuntimeModelInventoryTests.swift in Sources */ = {isa = PBXBuildFile; fileRef = 38C742095D3934D70BCE44E4 /* RuntimeModelInventoryTests.swift */; };
		572FDC1B8744EECF73C0EA86 /* PasteSession.swift in Sources */ = {isa = PBXBuildFile; fileRef = 934F425F25CCB580B8202127 /* PasteSession.swift */; };
		58786AC40C6823691E15369C /* FocusedElementLocator.swift in Sources */ = {isa = PBXBuildFile; fileRef = 9E3575D1B5EA81CBB2CD1C2B /* FocusedElementLocator.swift */; };
		5AB7257704509FD4BC36F69E /* TextPaster.swift in Sources */ = {isa = PBXBuildFile; fileRef = 4A1EB2D492BFBDC803133A31 /* TextPaster.swift */; };
		5AC883ADFD11721A8E9E4D37 /* ModelManager.swift in Sources */ = {isa = PBXBuildFile; fileRef = 6BAE65A5741A98AEADF6498D /* ModelManager.swift */; };
		5AFD58B50823656E71CF3AA9 /* OCRContext.swift in Sources */ = {isa = PBXBuildFile; fileRef = CDB3BCEA6FF268C1759D1F20 /* OCRContext.swift */; };
		5CCF5560BDC9AD0982A69F3D /* OCRContext.swift in Sources */ = {isa = PBXBuildFile; fileRef = F27D1ADB87391BB00E156008 /* OCRContext.swift */; };
		635E00F7C849159760D86642 /* CleanupModelProbeCLI.swift in Sources */ = {isa = PBXBuildFile; fileRef = 397AC156E3D2AF040A998E68 /* CleanupModelProbeCLI.swift */; };
		637A68B05AD8479E0B5D52A7 /* HotkeyMonitorTests.swift in Sources */ = {isa = PBXBuildFile; fileRef = 589AC554EEF132B519736D92 /* HotkeyMonitorTests.swift */; };
		6585677AF7949BEA14C0B3B2 /* CleanupSettings.swift in Sources */ = {isa = PBXBuildFile; fileRef = 3252290627807046966D956B /* CleanupSettings.swift */; };
		666D2339FC0689F41A3AE715 /* LLM in Frameworks */ = {isa = PBXBuildFile; productRef = 985AD96FDE69D89C0B2DA245 /* LLM */; };
		6EA6ACF174AAA398586CC03A /* ChordEngine.swift in Sources */ = {isa = PBXBuildFile; fileRef = 518567C8CE0F7841ACE62BD1 /* ChordEngine.swift */; };
		6F3DA53FA7B4119405D86DE8 /* CleanupModelProbeRunner.swift in Sources */ = {isa = PBXBuildFile; fileRef = 853418773B99673FB27791AC /* CleanupModelProbeRunner.swift */; };
		750B0226D3A035D24259B606 /* WindowCaptureService.swift in Sources */ = {isa = PBXBuildFile; fileRef = 17F70F511A956DAB5778D430 /* WindowCaptureService.swift */; };
		75509873255097FF99B8071F /* DebugLogStore.swift in Sources */ = {isa = PBXBuildFile; fileRef = BB052D817F3005B509E9D479 /* DebugLogStore.swift */; };
		77089185C9C0C0EDC4536F0A /* KeyChord.swift in Sources */ = {isa = PBXBuildFile; fileRef = 9A54422D17879836781B7F71 /* KeyChord.swift */; };
		780CB9207962633AEE3E69BD /* AudioDeviceManager.swift in Sources */ = {isa = PBXBuildFile; fileRef = EAF6390CFE5F526DD23C316D /* AudioDeviceManager.swift */; };
		783179FB65E4B507B25CF691 /* ChordEngineTests.swift in Sources */ = {isa = PBXBuildFile; fileRef = 65270DAE5CA7F1A37B4D890B /* ChordEngineTests.swift */; };
		78678A0067436B71C2C1C3C9 /* sprite_frame_1.png in Resources */ = {isa = PBXBuildFile; fileRef = 24362CABE7BBCAF53CB9B4A8 /* sprite_frame_1.png */; };
		80C9E55FF57A1A03033DDDAE /* SettingsWindow.swift in Sources */ = {isa = PBXBuildFile; fileRef = 207AAC1CBC60052D1493D13D /* SettingsWindow.swift */; };
		826FB25FE79E25F566EBEA68 /* sprite_frame_2.png in Resources */ = {isa = PBXBuildFile; fileRef = 4204197D6E98623EA69866C9 /* sprite_frame_2.png */; };
		829C83DF25112D375A8DB767 /* UpdaterController.swift in Sources */ = {isa = PBXBuildFile; fileRef = 5F85AD0262D40047E6FCA3D8 /* UpdaterController.swift */; };
		8990B2F77435E351A458EDD9 /* DebugLogWindow.swift in Sources */ = {isa = PBXBuildFile; fileRef = 2715D9117D8664700616D95A /* DebugLogWindow.swift */; };
		90F411F8E3564F1C5DDD1A5F /* TextPasterTests.swift in Sources */ = {isa = PBXBuildFile; fileRef = B8760607B80C14BCBD5F9FC0 /* TextPasterTests.swift */; };
		91B80C940C09B24CE80A4B81 /* ChordBindingStoreTests.swift in Sources */ = {isa = PBXBuildFile; fileRef = 6BF767CF1AA15DB2C2B82A1C /* ChordBindingStoreTests.swift */; };
		9965C422E2E6A1F48E717C28 /* FluidAudio in Frameworks */ = {isa = PBXBuildFile; productRef = 23213B149CFD96C7F4B7B0F5 /* FluidAudio */; };
		9A7637F5576B21D74F14149D /* ModelInventory.swift in Sources */ = {isa = PBXBuildFile; fileRef = CC0F71B32FF6973FD42639C7 /* ModelInventory.swift */; };
		9BE17BC60B1F9CFD3747A844 /* Assets.xcassets in Resources */ = {isa = PBXBuildFile; fileRef = 43A2B55CB980E02EC1E16BF2 /* Assets.xcassets */; };
		9FF4377D176BB2AE30E4B08B /* sprite_frame_3@2x.png in Resources */ = {isa = PBXBuildFile; fileRef = FA48EF56983A55149A084D1B /* sprite_frame_3@2x.png */; };
		A3183D30BAD0A1C2712E033F /* PermissionChecker.swift in Sources */ = {isa = PBXBuildFile; fileRef = AC1BDC9C549491AC003117EC /* PermissionChecker.swift */; };
		A31E9987608164A53D5255EB /* Sparkle in Frameworks */ = {isa = PBXBuildFile; productRef = 52CD995A5FADA02097BCD33F /* Sparkle */; };
		A4826C92959DD203D5239B8E /* CleanupPromptBuilderTests.swift in Sources */ = {isa = PBXBuildFile; fileRef = F36633332009332F588C183E /* CleanupPromptBuilderTests.swift */; };
		A9E5AB4DC4D58FB4C50A1B23 /* AppState.swift in Sources */ = {isa = PBXBuildFile; fileRef = 3A4D4E875210CD0DADAF5D7E /* AppState.swift */; };
		AB0AC6DC19EC0DB440F5B123 /* KeyChordTests.swift in Sources */ = {isa = PBXBuildFile; fileRef = 0F634CFD724E29ECA57C0BB6 /* KeyChordTests.swift */; };
		AF1DD5FE5059779E1D5D59C2 /* PostPasteLearningCoordinator.swift in Sources */ = {isa = PBXBuildFile; fileRef = 0EDE03E93B2A9E420B2C74CA /* PostPasteLearningCoordinator.swift */; };
		B0E4A139001EF2DF0E809935 /* TextCleaner.swift in Sources */ = {isa = PBXBuildFile; fileRef = EBAB39218D09F11336C4F684 /* TextCleaner.swift */; };
		B40929D00FF388C3308CACDD /* CorrectionStore.swift in Sources */ = {isa = PBXBuildFile; fileRef = CFECDC789B0C81589A3D6B69 /* CorrectionStore.swift */; };
		B4F9DA24EDE1C2CCDDC80AE5 /* AppRelauncher.swift in Sources */ = {isa = PBXBuildFile; fileRef = FECE990F52DED36EC4C5458D /* AppRelauncher.swift */; };
		B6F20B2AC3141F58C5CC59F5 /* MicPreviewControllerTests.swift in Sources */ = {isa = PBXBuildFile; fileRef = 76A684AACE597180BC4B0169 /* MicPreviewControllerTests.swift */; };
		BE7701382D2CC62C1CEBF29C /* ShortcutCaptureStateTests.swift in Sources */ = {isa = PBXBuildFile; fileRef = 231812B1BF8E3F2D5E0209F3 /* ShortcutCaptureStateTests.swift */; };
		BEC965DB305742A9F42897F8 /* SpeechTranscriberTests.swift in Sources */ = {isa = PBXBuildFile; fileRef = 6B1A6E1B8F3D8C8F234BD408 /* SpeechTranscriberTests.swift */; };
		BF329CF451CC34A3B74348CC /* HotkeyMonitor.swift in Sources */ = {isa = PBXBuildFile; fileRef = FF88392E6B9F0168E43B8C51 /* HotkeyMonitor.swift */; };
		C18E7F36CC6523A86671707D /* PromptEditorWindow.swift in Sources */ = {isa = PBXBuildFile; fileRef = 2B43697CC08695B8E8F8AD01 /* PromptEditorWindow.swift */; };
		C1A07FBD7318A26BA879232A /* ModelInventoryViews.swift in Sources */ = {isa = PBXBuildFile; fileRef = 3B68F46BA90BDD633868A8CE /* ModelInventoryViews.swift */; };
		C4E8739F267E3096E97FBE71 /* DebugLogStoreTests.swift in Sources */ = {isa = PBXBuildFile; fileRef = 1FE9E126BC8CAD84D453AD72 /* DebugLogStoreTests.swift */; };
		C54F09E5E2BAA930626E855C /* SpeechTranscriber.swift in Sources */ = {isa = PBXBuildFile; fileRef = D2CC027B53AAE03079D78761 /* SpeechTranscriber.swift */; };
		CBDE26BEEBD0419A73D09DFC /* OCRRequestFactory.swift in Sources */ = {isa = PBXBuildFile; fileRef = E45DE13042196F9DF2445E66 /* OCRRequestFactory.swift */; };
		CC795C47BAF8CEF62790BAFF /* LocalLLMCleanupBackend.swift in Sources */ = {isa = PBXBuildFile; fileRef = BDE96F13974B4DC0EEB3C17E /* LocalLLMCleanupBackend.swift */; };
		CE62853358A180E54150BCA4 /* OnboardingWindow.swift in Sources */ = {isa = PBXBuildFile; fileRef = F0EBA7ECAEFCAC714F83C2C5 /* OnboardingWindow.swift */; };
		D0C9E92678ECFF9228D0B7F0 /* WhisperKit in Frameworks */ = {isa = PBXBuildFile; productRef = 51FBB4B31E8E9293DC11143E /* WhisperKit */; };
		D87DC24D05DAC4ED292C077B /* ShortcutCaptureState.swift in Sources */ = {isa = PBXBuildFile; fileRef = C01C000BF0DFBCCCF549921A /* ShortcutCaptureState.swift */; };
		DA27C59BD3F0752E0E337813 /* CleanupBackend.swift in Sources */ = {isa = PBXBuildFile; fileRef = 2F8EC51C74573DD4A47E1CEB /* CleanupBackend.swift */; };
		DBA25ED4D9D561452CE6EA50 /* ChordBindingStore.swift in Sources */ = {isa = PBXBuildFile; fileRef = 0D91666EEE2CF7B4B78E3061 /* ChordBindingStore.swift */; };
		DFC262622EF144E344A49C8C /* CleanupBackend.swift in Sources */ = {isa = PBXBuildFile; fileRef = 8348D35B3C14A52DCB5138E2 /* CleanupBackend.swift */; };
		E061E99A8C7A3977245EAEC5 /* TextCleanupManagerTests.swift in Sources */ = {isa = PBXBuildFile; fileRef = 770403076BA384F3E35AA7A1 /* TextCleanupManagerTests.swift */; };
		E06EAD2221790D5444E1F8E0 /* CleanupBackendTests.swift in Sources */ = {isa = PBXBuildFile; fileRef = 886EA12D06680BB95FB78309 /* CleanupBackendTests.swift */; };
		E1592D455869910E6FE13200 /* sprite_frame_1@2x.png in Resources */ = {isa = PBXBuildFile; fileRef = 8E41EBD0A6F249D987AE8853 /* sprite_frame_1@2x.png */; };
		E3302E239909CAEC0865A035 /* PerformanceTraceTests.swift in Sources */ = {isa = PBXBuildFile; fileRef = 59666FBC728BF70A61983188 /* PerformanceTraceTests.swift */; };
		E3FB1CC9DA749F6CCCE3EBD3 /* DebugLogStore.swift in Sources */ = {isa = PBXBuildFile; fileRef = 29EC2918929DBE8F6F9743A1 /* DebugLogStore.swift */; };
		E5E590FA60691DA4B57DA7CB /* OCRContextTests.swift in Sources */ = {isa = PBXBuildFile; fileRef = A2E051FC96D522216E8C2F01 /* OCRContextTests.swift */; };
		EE25B297BB7834C3C90423B9 /* TextCleanerTests.swift in Sources */ = {isa = PBXBuildFile; fileRef = 49848DB685A19FBB6557B76E /* TextCleanerTests.swift */; };
		F0598B5D027A5B31EF1B7664 /* FocusedElementLocatorTests.swift in Sources */ = {isa = PBXBuildFile; fileRef = 9FBC0D906FF181E91A758F58 /* FocusedElementLocatorTests.swift */; };
		FAF9039162919F44252430A3 /* sprite_frame_3.png in Resources */ = {isa = PBXBuildFile; fileRef = DD3CB656299CBD7D3F6613F3 /* sprite_frame_3.png */; };
		FC6AACB283BD40C4FBA78F3D /* GhostPepperTests.swift in Sources */ = {isa = PBXBuildFile; fileRef = 363A3F98CDFC4CCAD927835C /* GhostPepperTests.swift */; };
		FD94594085550A2A71F3F533 /* ShortcutRecorderView.swift in Sources */ = {isa = PBXBuildFile; fileRef = A91C299194463F439E81D6BC /* ShortcutRecorderView.swift */; };
/* End PBXBuildFile section */

/* Begin PBXContainerItemProxy section */
		2547F5EDD29749EB47A61BB7 /* PBXContainerItemProxy */ = {
			isa = PBXContainerItemProxy;
			containerPortal = 1302485C4CA6C8B09F7839D9 /* Project object */;
			proxyType = 1;
			remoteGlobalIDString = 5EBC085BD56A3725D371FB1A;
			remoteInfo = GhostPepper;
		};
/* End PBXContainerItemProxy section */

/* Begin PBXFileReference section */
		0065F99395EEC3EB77997C2C /* CleanupSettings.swift */ = {isa = PBXFileReference; lastKnownFileType = sourcecode.swift; path = CleanupSettings.swift; sourceTree = "<group>"; };
		016C38149DDDAA03B88E35C0 /* PerformanceTrace.swift */ = {isa = PBXFileReference; lastKnownFileType = sourcecode.swift; path = PerformanceTrace.swift; sourceTree = "<group>"; };
		029E36727193D8502C69FB38 /* sprite_frame_2@2x.png */ = {isa = PBXFileReference; lastKnownFileType = image.png; path = "sprite_frame_2@2x.png"; sourceTree = "<group>"; };
		0D91666EEE2CF7B4B78E3061 /* ChordBindingStore.swift */ = {isa = PBXFileReference; lastKnownFileType = sourcecode.swift; path = ChordBindingStore.swift; sourceTree = "<group>"; };
		0EDE03E93B2A9E420B2C74CA /* PostPasteLearningCoordinator.swift */ = {isa = PBXFileReference; lastKnownFileType = sourcecode.swift; path = PostPasteLearningCoordinator.swift; sourceTree = "<group>"; };
		0F634CFD724E29ECA57C0BB6 /* KeyChordTests.swift */ = {isa = PBXFileReference; lastKnownFileType = sourcecode.swift; path = KeyChordTests.swift; sourceTree = "<group>"; };
		11E4B61BA7270EEC11A8AC69 /* ScreenRecordingPermissionController.swift */ = {isa = PBXFileReference; lastKnownFileType = sourcecode.swift; path = ScreenRecordingPermissionController.swift; sourceTree = "<group>"; };
		17F70F511A956DAB5778D430 /* WindowCaptureService.swift */ = {isa = PBXFileReference; lastKnownFileType = sourcecode.swift; path = WindowCaptureService.swift; sourceTree = "<group>"; };
		1DC632CC6DD4F55F2FA05480 /* FrontmostWindowOCRService.swift */ = {isa = PBXFileReference; lastKnownFileType = sourcecode.swift; path = FrontmostWindowOCRService.swift; sourceTree = "<group>"; };
		1FE9E126BC8CAD84D453AD72 /* DebugLogStoreTests.swift */ = {isa = PBXFileReference; lastKnownFileType = sourcecode.swift; path = DebugLogStoreTests.swift; sourceTree = "<group>"; };
		207AAC1CBC60052D1493D13D /* SettingsWindow.swift */ = {isa = PBXFileReference; lastKnownFileType = sourcecode.swift; path = SettingsWindow.swift; sourceTree = "<group>"; };
		231812B1BF8E3F2D5E0209F3 /* ShortcutCaptureStateTests.swift */ = {isa = PBXFileReference; lastKnownFileType = sourcecode.swift; path = ShortcutCaptureStateTests.swift; sourceTree = "<group>"; };
		23B813180F29336A298BE44E /* LocalLLMCleanupBackend.swift */ = {isa = PBXFileReference; lastKnownFileType = sourcecode.swift; path = LocalLLMCleanupBackend.swift; sourceTree = "<group>"; };
		24362CABE7BBCAF53CB9B4A8 /* sprite_frame_1.png */ = {isa = PBXFileReference; lastKnownFileType = image.png; path = sprite_frame_1.png; sourceTree = "<group>"; };
		2715D9117D8664700616D95A /* DebugLogWindow.swift */ = {isa = PBXFileReference; lastKnownFileType = sourcecode.swift; path = DebugLogWindow.swift; sourceTree = "<group>"; };
		29EC2918929DBE8F6F9743A1 /* DebugLogStore.swift */ = {isa = PBXFileReference; lastKnownFileType = sourcecode.swift; path = DebugLogStore.swift; sourceTree = "<group>"; };
		2ADE6885C71A11CEC8B2A50E /* Info.plist */ = {isa = PBXFileReference; lastKnownFileType = text.plist; path = Info.plist; sourceTree = "<group>"; };
		2AF744C59EEAE51FC81BE6D6 /* sprite_frame_0.png */ = {isa = PBXFileReference; lastKnownFileType = image.png; path = sprite_frame_0.png; sourceTree = "<group>"; };
		2B43697CC08695B8E8F8AD01 /* PromptEditorWindow.swift */ = {isa = PBXFileReference; lastKnownFileType = sourcecode.swift; path = PromptEditorWindow.swift; sourceTree = "<group>"; };
		2F8EC51C74573DD4A47E1CEB /* CleanupBackend.swift */ = {isa = PBXFileReference; lastKnownFileType = sourcecode.swift; path = CleanupBackend.swift; sourceTree = "<group>"; };
		3252290627807046966D956B /* CleanupSettings.swift */ = {isa = PBXFileReference; lastKnownFileType = sourcecode.swift; path = CleanupSettings.swift; sourceTree = "<group>"; };
		338FDBA950D81CE2B3AC4EA0 /* GhostPepperTests.xctest */ = {isa = PBXFileReference; explicitFileType = wrapper.cfbundle; includeInIndex = 0; path = GhostPepperTests.xctest; sourceTree = BUILT_PRODUCTS_DIR; };
		350AC3A5A34A78F96226831C /* CorrectionStoreTests.swift */ = {isa = PBXFileReference; lastKnownFileType = sourcecode.swift; path = CorrectionStoreTests.swift; sourceTree = "<group>"; };
		363A3F98CDFC4CCAD927835C /* GhostPepperTests.swift */ = {isa = PBXFileReference; lastKnownFileType = sourcecode.swift; path = GhostPepperTests.swift; sourceTree = "<group>"; };
		37863EC2F34067ED0C5B2B6F /* TextCleaner.swift */ = {isa = PBXFileReference; lastKnownFileType = sourcecode.swift; path = TextCleaner.swift; sourceTree = "<group>"; };
		37C0D4F04FFD2C13DEACA238 /* TextCleanupManager.swift */ = {isa = PBXFileReference; lastKnownFileType = sourcecode.swift; path = TextCleanupManager.swift; sourceTree = "<group>"; };
		38C742095D3934D70BCE44E4 /* RuntimeModelInventoryTests.swift */ = {isa = PBXFileReference; lastKnownFileType = sourcecode.swift; path = RuntimeModelInventoryTests.swift; sourceTree = "<group>"; };
		397AC156E3D2AF040A998E68 /* CleanupModelProbeCLI.swift */ = {isa = PBXFileReference; lastKnownFileType = sourcecode.swift; path = CleanupModelProbeCLI.swift; sourceTree = "<group>"; };
		3A4D4E875210CD0DADAF5D7E /* AppState.swift */ = {isa = PBXFileReference; lastKnownFileType = sourcecode.swift; path = AppState.swift; sourceTree = "<group>"; };
		3B68F46BA90BDD633868A8CE /* ModelInventoryViews.swift */ = {isa = PBXFileReference; lastKnownFileType = sourcecode.swift; path = ModelInventoryViews.swift; sourceTree = "<group>"; };
		3E2627BAB1434095C84F80A8 /* DeterministicCorrectionEngine.swift */ = {isa = PBXFileReference; lastKnownFileType = sourcecode.swift; path = DeterministicCorrectionEngine.swift; sourceTree = "<group>"; };
		40927DEAA2F7DE3C290536F7 /* main.swift */ = {isa = PBXFileReference; lastKnownFileType = sourcecode.swift; path = main.swift; sourceTree = "<group>"; };
		4204197D6E98623EA69866C9 /* sprite_frame_2.png */ = {isa = PBXFileReference; lastKnownFileType = image.png; path = sprite_frame_2.png; sourceTree = "<group>"; };
		43A2B55CB980E02EC1E16BF2 /* Assets.xcassets */ = {isa = PBXFileReference; lastKnownFileType = folder.assetcatalog; path = Assets.xcassets; sourceTree = "<group>"; };
		49848DB685A19FBB6557B76E /* TextCleanerTests.swift */ = {isa = PBXFileReference; lastKnownFileType = sourcecode.swift; path = TextCleanerTests.swift; sourceTree = "<group>"; };
		4A1EB2D492BFBDC803133A31 /* TextPaster.swift */ = {isa = PBXFileReference; lastKnownFileType = sourcecode.swift; path = TextPaster.swift; sourceTree = "<group>"; };
		4E725F86E5430DC36EB03272 /* ChordAction.swift */ = {isa = PBXFileReference; lastKnownFileType = sourcecode.swift; path = ChordAction.swift; sourceTree = "<group>"; };
		4FCF12D0FBB05F424AAB2E68 /* CleanupModelProbeCLI.swift */ = {isa = PBXFileReference; lastKnownFileType = sourcecode.swift; path = CleanupModelProbeCLI.swift; sourceTree = "<group>"; };
		518567C8CE0F7841ACE62BD1 /* ChordEngine.swift */ = {isa = PBXFileReference; lastKnownFileType = sourcecode.swift; path = ChordEngine.swift; sourceTree = "<group>"; };
		52BCF852883B9E469B61B56B /* GhostPepper.app */ = {isa = PBXFileReference; explicitFileType = wrapper.application; includeInIndex = 0; path = GhostPepper.app; sourceTree = BUILT_PRODUCTS_DIR; };
		589AC554EEF132B519736D92 /* HotkeyMonitorTests.swift */ = {isa = PBXFileReference; lastKnownFileType = sourcecode.swift; path = HotkeyMonitorTests.swift; sourceTree = "<group>"; };
		59666FBC728BF70A61983188 /* PerformanceTraceTests.swift */ = {isa = PBXFileReference; lastKnownFileType = sourcecode.swift; path = PerformanceTraceTests.swift; sourceTree = "<group>"; };
		5D68EDD354F149B2EF3963B7 /* CleanupModelProbe */ = {isa = PBXFileReference; includeInIndex = 0; path = CleanupModelProbe; sourceTree = BUILT_PRODUCTS_DIR; };
		5F85AD0262D40047E6FCA3D8 /* UpdaterController.swift */ = {isa = PBXFileReference; lastKnownFileType = sourcecode.swift; path = UpdaterController.swift; sourceTree = "<group>"; };
		65270DAE5CA7F1A37B4D890B /* ChordEngineTests.swift */ = {isa = PBXFileReference; lastKnownFileType = sourcecode.swift; path = ChordEngineTests.swift; sourceTree = "<group>"; };
		6B1A6E1B8F3D8C8F234BD408 /* SpeechTranscriberTests.swift */ = {isa = PBXFileReference; lastKnownFileType = sourcecode.swift; path = SpeechTranscriberTests.swift; sourceTree = "<group>"; };
		6BAE65A5741A98AEADF6498D /* ModelManager.swift */ = {isa = PBXFileReference; lastKnownFileType = sourcecode.swift; path = ModelManager.swift; sourceTree = "<group>"; };
		6BF767CF1AA15DB2C2B82A1C /* ChordBindingStoreTests.swift */ = {isa = PBXFileReference; lastKnownFileType = sourcecode.swift; path = ChordBindingStoreTests.swift; sourceTree = "<group>"; };
		7201BD31C20BC2B1D0E51DB6 /* CleanupModelProbeRunner.swift */ = {isa = PBXFileReference; lastKnownFileType = sourcecode.swift; path = CleanupModelProbeRunner.swift; sourceTree = "<group>"; };
		76A684AACE597180BC4B0169 /* MicPreviewControllerTests.swift */ = {isa = PBXFileReference; lastKnownFileType = sourcecode.swift; path = MicPreviewControllerTests.swift; sourceTree = "<group>"; };
		770403076BA384F3E35AA7A1 /* TextCleanupManagerTests.swift */ = {isa = PBXFileReference; lastKnownFileType = sourcecode.swift; path = TextCleanupManagerTests.swift; sourceTree = "<group>"; };
		79231C6829FD88741536FF4A /* sprite_frame_0@2x.png */ = {isa = PBXFileReference; lastKnownFileType = image.png; path = "sprite_frame_0@2x.png"; sourceTree = "<group>"; };
		8348D35B3C14A52DCB5138E2 /* CleanupBackend.swift */ = {isa = PBXFileReference; lastKnownFileType = sourcecode.swift; path = CleanupBackend.swift; sourceTree = "<group>"; };
		853418773B99673FB27791AC /* CleanupModelProbeRunner.swift */ = {isa = PBXFileReference; lastKnownFileType = sourcecode.swift; path = CleanupModelProbeRunner.swift; sourceTree = "<group>"; };
		886EA12D06680BB95FB78309 /* CleanupBackendTests.swift */ = {isa = PBXFileReference; lastKnownFileType = sourcecode.swift; path = CleanupBackendTests.swift; sourceTree = "<group>"; };
		8D087A4D4CD5C6D3C293AE56 /* CorrectionStore.swift */ = {isa = PBXFileReference; lastKnownFileType = sourcecode.swift; path = CorrectionStore.swift; sourceTree = "<group>"; };
		8E41EBD0A6F249D987AE8853 /* sprite_frame_1@2x.png */ = {isa = PBXFileReference; lastKnownFileType = image.png; path = "sprite_frame_1@2x.png"; sourceTree = "<group>"; };
		8F5407DA5D09555EDD69CA54 /* AudioRecorder.swift */ = {isa = PBXFileReference; lastKnownFileType = sourcecode.swift; path = AudioRecorder.swift; sourceTree = "<group>"; };
		934F425F25CCB580B8202127 /* PasteSession.swift */ = {isa = PBXFileReference; lastKnownFileType = sourcecode.swift; path = PasteSession.swift; sourceTree = "<group>"; };
		948064EDD38AFB0872A99BD6 /* CleanupPromptBuilder.swift */ = {isa = PBXFileReference; lastKnownFileType = sourcecode.swift; path = CleanupPromptBuilder.swift; sourceTree = "<group>"; };
		94DD151A4D6F1474F4F138FD /* GhostPepper.entitlements */ = {isa = PBXFileReference; lastKnownFileType = text.plist.entitlements; path = GhostPepper.entitlements; sourceTree = "<group>"; };
		960D35875D60655B17574DF8 /* AudioRecorderTests.swift */ = {isa = PBXFileReference; lastKnownFileType = sourcecode.swift; path = AudioRecorderTests.swift; sourceTree = "<group>"; };
		9A3540C6212101C885EA22CD /* RecordingOverlay.swift */ = {isa = PBXFileReference; lastKnownFileType = sourcecode.swift; path = RecordingOverlay.swift; sourceTree = "<group>"; };
		9A54422D17879836781B7F71 /* KeyChord.swift */ = {isa = PBXFileReference; lastKnownFileType = sourcecode.swift; path = KeyChord.swift; sourceTree = "<group>"; };
		9C9ECBFE04804AA79262A07B /* ScreenRecordingPermissionControllerTests.swift */ = {isa = PBXFileReference; lastKnownFileType = sourcecode.swift; path = ScreenRecordingPermissionControllerTests.swift; sourceTree = "<group>"; };
		9E3575D1B5EA81CBB2CD1C2B /* FocusedElementLocator.swift */ = {isa = PBXFileReference; lastKnownFileType = sourcecode.swift; path = FocusedElementLocator.swift; sourceTree = "<group>"; };
		9FBC0D906FF181E91A758F58 /* FocusedElementLocatorTests.swift */ = {isa = PBXFileReference; lastKnownFileType = sourcecode.swift; path = FocusedElementLocatorTests.swift; sourceTree = "<group>"; };
		A1B93B4F9F40EE6BD8525677 /* CleanupModelProbeRunnerTests.swift */ = {isa = PBXFileReference; lastKnownFileType = sourcecode.swift; path = CleanupModelProbeRunnerTests.swift; sourceTree = "<group>"; };
		A2E051FC96D522216E8C2F01 /* OCRContextTests.swift */ = {isa = PBXFileReference; lastKnownFileType = sourcecode.swift; path = OCRContextTests.swift; sourceTree = "<group>"; };
		A91C299194463F439E81D6BC /* ShortcutRecorderView.swift */ = {isa = PBXFileReference; lastKnownFileType = sourcecode.swift; path = ShortcutRecorderView.swift; sourceTree = "<group>"; };
		AACCB8CD3CFA3BA1C91B5B87 /* MenuBarView.swift */ = {isa = PBXFileReference; lastKnownFileType = sourcecode.swift; path = MenuBarView.swift; sourceTree = "<group>"; };
		ABAC2D0F6C311FB1DA3E9ABF /* PostPasteLearningCoordinatorTests.swift */ = {isa = PBXFileReference; lastKnownFileType = sourcecode.swift; path = PostPasteLearningCoordinatorTests.swift; sourceTree = "<group>"; };
		AC1BDC9C549491AC003117EC /* PermissionChecker.swift */ = {isa = PBXFileReference; lastKnownFileType = sourcecode.swift; path = PermissionChecker.swift; sourceTree = "<group>"; };
		B8760607B80C14BCBD5F9FC0 /* TextPasterTests.swift */ = {isa = PBXFileReference; lastKnownFileType = sourcecode.swift; path = TextPasterTests.swift; sourceTree = "<group>"; };
		BA57E9C267251FC86A8C8672 /* PhysicalKey.swift */ = {isa = PBXFileReference; lastKnownFileType = sourcecode.swift; path = PhysicalKey.swift; sourceTree = "<group>"; };
		BB052D817F3005B509E9D479 /* DebugLogStore.swift */ = {isa = PBXFileReference; lastKnownFileType = sourcecode.swift; path = DebugLogStore.swift; sourceTree = "<group>"; };
		BD317A8D8E749E5596734DB7 /* SpeechModelCatalog.swift */ = {isa = PBXFileReference; lastKnownFileType = sourcecode.swift; path = SpeechModelCatalog.swift; sourceTree = "<group>"; };
		BDE96F13974B4DC0EEB3C17E /* LocalLLMCleanupBackend.swift */ = {isa = PBXFileReference; lastKnownFileType = sourcecode.swift; path = LocalLLMCleanupBackend.swift; sourceTree = "<group>"; };
		C01C000BF0DFBCCCF549921A /* ShortcutCaptureState.swift */ = {isa = PBXFileReference; lastKnownFileType = sourcecode.swift; path = ShortcutCaptureState.swift; sourceTree = "<group>"; };
		CC0F71B32FF6973FD42639C7 /* ModelInventory.swift */ = {isa = PBXFileReference; lastKnownFileType = sourcecode.swift; path = ModelInventory.swift; sourceTree = "<group>"; };
		CCE81899A3B0F5CB9777BD6A /* TextCleanupManager.swift */ = {isa = PBXFileReference; lastKnownFileType = sourcecode.swift; path = TextCleanupManager.swift; sourceTree = "<group>"; };
		CDB3BCEA6FF268C1759D1F20 /* OCRContext.swift */ = {isa = PBXFileReference; lastKnownFileType = sourcecode.swift; path = OCRContext.swift; sourceTree = "<group>"; };
		CFECDC789B0C81589A3D6B69 /* CorrectionStore.swift */ = {isa = PBXFileReference; lastKnownFileType = sourcecode.swift; path = CorrectionStore.swift; sourceTree = "<group>"; };
		D2CC027B53AAE03079D78761 /* SpeechTranscriber.swift */ = {isa = PBXFileReference; lastKnownFileType = sourcecode.swift; path = SpeechTranscriber.swift; sourceTree = "<group>"; };
		DD3CB656299CBD7D3F6613F3 /* sprite_frame_3.png */ = {isa = PBXFileReference; lastKnownFileType = image.png; path = sprite_frame_3.png; sourceTree = "<group>"; };
		DF9AE24266DDCCADE832CF33 /* GhostPepperApp.swift */ = {isa = PBXFileReference; lastKnownFileType = sourcecode.swift; path = GhostPepperApp.swift; sourceTree = "<group>"; };
		DFB769497B3910DF44EF911F /* SoundEffects.swift */ = {isa = PBXFileReference; lastKnownFileType = sourcecode.swift; path = SoundEffects.swift; sourceTree = "<group>"; };
		E02A8770518755585231EA8E /* sprite_frame_4.png */ = {isa = PBXFileReference; lastKnownFileType = image.png; path = sprite_frame_4.png; sourceTree = "<group>"; };
		E0BBD0F5DD1B827D03F0F8F6 /* sprite_frame_4@2x.png */ = {isa = PBXFileReference; lastKnownFileType = image.png; path = "sprite_frame_4@2x.png"; sourceTree = "<group>"; };
		E45DE13042196F9DF2445E66 /* OCRRequestFactory.swift */ = {isa = PBXFileReference; lastKnownFileType = sourcecode.swift; path = OCRRequestFactory.swift; sourceTree = "<group>"; };
		EAF6390CFE5F526DD23C316D /* AudioDeviceManager.swift */ = {isa = PBXFileReference; lastKnownFileType = sourcecode.swift; path = AudioDeviceManager.swift; sourceTree = "<group>"; };
		EBAB39218D09F11336C4F684 /* TextCleaner.swift */ = {isa = PBXFileReference; lastKnownFileType = sourcecode.swift; path = TextCleaner.swift; sourceTree = "<group>"; };
		F0EBA7ECAEFCAC714F83C2C5 /* OnboardingWindow.swift */ = {isa = PBXFileReference; lastKnownFileType = sourcecode.swift; path = OnboardingWindow.swift; sourceTree = "<group>"; };
		F27D1ADB87391BB00E156008 /* OCRContext.swift */ = {isa = PBXFileReference; lastKnownFileType = sourcecode.swift; path = OCRContext.swift; sourceTree = "<group>"; };
		F36633332009332F588C183E /* CleanupPromptBuilderTests.swift */ = {isa = PBXFileReference; lastKnownFileType = sourcecode.swift; path = CleanupPromptBuilderTests.swift; sourceTree = "<group>"; };
		F87C9F07E35DD5E300B3F7D5 /* DeterministicCorrectionEngine.swift */ = {isa = PBXFileReference; lastKnownFileType = sourcecode.swift; path = DeterministicCorrectionEngine.swift; sourceTree = "<group>"; };
		FA48EF56983A55149A084D1B /* sprite_frame_3@2x.png */ = {isa = PBXFileReference; lastKnownFileType = image.png; path = "sprite_frame_3@2x.png"; sourceTree = "<group>"; };
		FDC6FD42E70C7163E281332B /* CleanupPromptBuilder.swift */ = {isa = PBXFileReference; lastKnownFileType = sourcecode.swift; path = CleanupPromptBuilder.swift; sourceTree = "<group>"; };
		FECE990F52DED36EC4C5458D /* AppRelauncher.swift */ = {isa = PBXFileReference; lastKnownFileType = sourcecode.swift; path = AppRelauncher.swift; sourceTree = "<group>"; };
		FF88392E6B9F0168E43B8C51 /* HotkeyMonitor.swift */ = {isa = PBXFileReference; lastKnownFileType = sourcecode.swift; path = HotkeyMonitor.swift; sourceTree = "<group>"; };
/* End PBXFileReference section */

/* Begin PBXFrameworksBuildPhase section */
		4B2673F0A57E35AF28D789A8 /* Frameworks */ = {
			isa = PBXFrameworksBuildPhase;
			buildActionMask = 2147483647;
			files = (
				1BA7D7D7A6F2FBFE95CC7206 /* LLM in Frameworks */,
			);
			runOnlyForDeploymentPostprocessing = 0;
		};
		AFF40C97B06ADBEECEB999B8 /* Frameworks */ = {
			isa = PBXFrameworksBuildPhase;
			buildActionMask = 2147483647;
			files = (
				D0C9E92678ECFF9228D0B7F0 /* WhisperKit in Frameworks */,
				9965C422E2E6A1F48E717C28 /* FluidAudio in Frameworks */,
				666D2339FC0689F41A3AE715 /* LLM in Frameworks */,
				A31E9987608164A53D5255EB /* Sparkle in Frameworks */,
			);
			runOnlyForDeploymentPostprocessing = 0;
		};
/* End PBXFrameworksBuildPhase section */

/* Begin PBXGroup section */
		150D99E38C8DFC28C5189B22 /* Cleanup */ = {
			isa = PBXGroup;
			children = (
				8348D35B3C14A52DCB5138E2 /* CleanupBackend.swift */,
				4FCF12D0FBB05F424AAB2E68 /* CleanupModelProbeCLI.swift */,
				853418773B99673FB27791AC /* CleanupModelProbeRunner.swift */,
				FDC6FD42E70C7163E281332B /* CleanupPromptBuilder.swift */,
				3252290627807046966D956B /* CleanupSettings.swift */,
				CFECDC789B0C81589A3D6B69 /* CorrectionStore.swift */,
				F87C9F07E35DD5E300B3F7D5 /* DeterministicCorrectionEngine.swift */,
				23B813180F29336A298BE44E /* LocalLLMCleanupBackend.swift */,
				EBAB39218D09F11336C4F684 /* TextCleaner.swift */,
				CCE81899A3B0F5CB9777BD6A /* TextCleanupManager.swift */,
			);
			path = Cleanup;
			sourceTree = "<group>";
		};
		167F7D95761A14F2A1484426 /* Debug */ = {
			isa = PBXGroup;
			children = (
				29EC2918929DBE8F6F9743A1 /* DebugLogStore.swift */,
			);
			path = Debug;
			sourceTree = "<group>";
		};
		1E7F0C5D7440C7594FBB5FB3 /* GhostPepper */ = {
			isa = PBXGroup;
			children = (
				FECE990F52DED36EC4C5458D /* AppRelauncher.swift */,
				3A4D4E875210CD0DADAF5D7E /* AppState.swift */,
				43A2B55CB980E02EC1E16BF2 /* Assets.xcassets */,
				94DD151A4D6F1474F4F138FD /* GhostPepper.entitlements */,
				DF9AE24266DDCCADE832CF33 /* GhostPepperApp.swift */,
				2ADE6885C71A11CEC8B2A50E /* Info.plist */,
				CC0F71B32FF6973FD42639C7 /* ModelInventory.swift */,
				AC1BDC9C549491AC003117EC /* PermissionChecker.swift */,
				5F85AD0262D40047E6FCA3D8 /* UpdaterController.swift */,
				BD13B12B603D3A9D89A5F2C4 /* Audio */,
				6A2ED16C65A7A2047D1F84F6 /* Cleanup */,
				D5A9C7455B7D779E3D316BB3 /* Context */,
				1ECD5CE040C24B0A348523BF /* Debug */,
				5A7262C13F0644663C842FA0 /* Input */,
				4694A9A6CDA9C5FA6623F377 /* Resources */,
				B242BF76D6E42784C2A05EB5 /* Transcription */,
				50C964CA46111D1FD8AFE84B /* UI */,
			);
			path = GhostPepper;
			sourceTree = "<group>";
		};
		1ECD5CE040C24B0A348523BF /* Debug */ = {
			isa = PBXGroup;
			children = (
				BB052D817F3005B509E9D479 /* DebugLogStore.swift */,
				016C38149DDDAA03B88E35C0 /* PerformanceTrace.swift */,
			);
			path = Debug;
			sourceTree = "<group>";
		};
		3705D6F7BCD01CB7D37DF812 /* Products */ = {
			isa = PBXGroup;
			children = (
				5D68EDD354F149B2EF3963B7 /* CleanupModelProbe */,
				52BCF852883B9E469B61B56B /* GhostPepper.app */,
				338FDBA950D81CE2B3AC4EA0 /* GhostPepperTests.xctest */,
			);
			name = Products;
			sourceTree = "<group>";
		};
		3CA9EB5192BC2CF7C9D2A16D /* CleanupModelProbe */ = {
			isa = PBXGroup;
			children = (
				40927DEAA2F7DE3C290536F7 /* main.swift */,
			);
			path = CleanupModelProbe;
			sourceTree = "<group>";
		};
		4694A9A6CDA9C5FA6623F377 /* Resources */ = {
			isa = PBXGroup;
			children = (
				2AF744C59EEAE51FC81BE6D6 /* sprite_frame_0.png */,
				79231C6829FD88741536FF4A /* sprite_frame_0@2x.png */,
				24362CABE7BBCAF53CB9B4A8 /* sprite_frame_1.png */,
				8E41EBD0A6F249D987AE8853 /* sprite_frame_1@2x.png */,
				4204197D6E98623EA69866C9 /* sprite_frame_2.png */,
				029E36727193D8502C69FB38 /* sprite_frame_2@2x.png */,
				DD3CB656299CBD7D3F6613F3 /* sprite_frame_3.png */,
				FA48EF56983A55149A084D1B /* sprite_frame_3@2x.png */,
				E02A8770518755585231EA8E /* sprite_frame_4.png */,
				E0BBD0F5DD1B827D03F0F8F6 /* sprite_frame_4@2x.png */,
			);
			path = Resources;
			sourceTree = "<group>";
		};
		50C964CA46111D1FD8AFE84B /* UI */ = {
			isa = PBXGroup;
			children = (
				2715D9117D8664700616D95A /* DebugLogWindow.swift */,
				AACCB8CD3CFA3BA1C91B5B87 /* MenuBarView.swift */,
				3B68F46BA90BDD633868A8CE /* ModelInventoryViews.swift */,
				F0EBA7ECAEFCAC714F83C2C5 /* OnboardingWindow.swift */,
				2B43697CC08695B8E8F8AD01 /* PromptEditorWindow.swift */,
				9A3540C6212101C885EA22CD /* RecordingOverlay.swift */,
				11E4B61BA7270EEC11A8AC69 /* ScreenRecordingPermissionController.swift */,
				207AAC1CBC60052D1493D13D /* SettingsWindow.swift */,
				A91C299194463F439E81D6BC /* ShortcutRecorderView.swift */,
			);
			path = UI;
			sourceTree = "<group>";
		};
		5A7262C13F0644663C842FA0 /* Input */ = {
			isa = PBXGroup;
			children = (
				4E725F86E5430DC36EB03272 /* ChordAction.swift */,
				0D91666EEE2CF7B4B78E3061 /* ChordBindingStore.swift */,
				518567C8CE0F7841ACE62BD1 /* ChordEngine.swift */,
				FF88392E6B9F0168E43B8C51 /* HotkeyMonitor.swift */,
				9A54422D17879836781B7F71 /* KeyChord.swift */,
				934F425F25CCB580B8202127 /* PasteSession.swift */,
				BA57E9C267251FC86A8C8672 /* PhysicalKey.swift */,
				C01C000BF0DFBCCCF549921A /* ShortcutCaptureState.swift */,
				4A1EB2D492BFBDC803133A31 /* TextPaster.swift */,
			);
			path = Input;
			sourceTree = "<group>";
		};
		65B84F8BE9E21E56274B89B6 /* Context */ = {
			isa = PBXGroup;
			children = (
				F27D1ADB87391BB00E156008 /* OCRContext.swift */,
			);
			path = Context;
			sourceTree = "<group>";
		};
		6A2ED16C65A7A2047D1F84F6 /* Cleanup */ = {
			isa = PBXGroup;
			children = (
				2F8EC51C74573DD4A47E1CEB /* CleanupBackend.swift */,
				397AC156E3D2AF040A998E68 /* CleanupModelProbeCLI.swift */,
				7201BD31C20BC2B1D0E51DB6 /* CleanupModelProbeRunner.swift */,
				948064EDD38AFB0872A99BD6 /* CleanupPromptBuilder.swift */,
				0065F99395EEC3EB77997C2C /* CleanupSettings.swift */,
				8D087A4D4CD5C6D3C293AE56 /* CorrectionStore.swift */,
				3E2627BAB1434095C84F80A8 /* DeterministicCorrectionEngine.swift */,
				BDE96F13974B4DC0EEB3C17E /* LocalLLMCleanupBackend.swift */,
				0EDE03E93B2A9E420B2C74CA /* PostPasteLearningCoordinator.swift */,
				37863EC2F34067ED0C5B2B6F /* TextCleaner.swift */,
				37C0D4F04FFD2C13DEACA238 /* TextCleanupManager.swift */,
			);
			path = Cleanup;
			sourceTree = "<group>";
		};
		A02E15F442CE34FDC04742D1 = {
			isa = PBXGroup;
			children = (
				3CA9EB5192BC2CF7C9D2A16D /* CleanupModelProbe */,
				C2176D2588E67659D488AE47 /* CleanupModelProbeSupport */,
				1E7F0C5D7440C7594FBB5FB3 /* GhostPepper */,
				FD52C5E171D3EF7591022762 /* GhostPepperTests */,
				3705D6F7BCD01CB7D37DF812 /* Products */,
			);
			sourceTree = "<group>";
		};
		B242BF76D6E42784C2A05EB5 /* Transcription */ = {
			isa = PBXGroup;
			children = (
				6BAE65A5741A98AEADF6498D /* ModelManager.swift */,
				BD317A8D8E749E5596734DB7 /* SpeechModelCatalog.swift */,
				D2CC027B53AAE03079D78761 /* SpeechTranscriber.swift */,
			);
			path = Transcription;
			sourceTree = "<group>";
		};
		BD13B12B603D3A9D89A5F2C4 /* Audio */ = {
			isa = PBXGroup;
			children = (
				EAF6390CFE5F526DD23C316D /* AudioDeviceManager.swift */,
				8F5407DA5D09555EDD69CA54 /* AudioRecorder.swift */,
				DFB769497B3910DF44EF911F /* SoundEffects.swift */,
			);
			path = Audio;
			sourceTree = "<group>";
		};
		C2176D2588E67659D488AE47 /* CleanupModelProbeSupport */ = {
			isa = PBXGroup;
			children = (
				150D99E38C8DFC28C5189B22 /* Cleanup */,
				65B84F8BE9E21E56274B89B6 /* Context */,
				167F7D95761A14F2A1484426 /* Debug */,
			);
			path = CleanupModelProbeSupport;
			sourceTree = "<group>";
		};
		D5A9C7455B7D779E3D316BB3 /* Context */ = {
			isa = PBXGroup;
			children = (
				9E3575D1B5EA81CBB2CD1C2B /* FocusedElementLocator.swift */,
				1DC632CC6DD4F55F2FA05480 /* FrontmostWindowOCRService.swift */,
				CDB3BCEA6FF268C1759D1F20 /* OCRContext.swift */,
				E45DE13042196F9DF2445E66 /* OCRRequestFactory.swift */,
				17F70F511A956DAB5778D430 /* WindowCaptureService.swift */,
			);
			path = Context;
			sourceTree = "<group>";
		};
		FD52C5E171D3EF7591022762 /* GhostPepperTests */ = {
			isa = PBXGroup;
			children = (
				960D35875D60655B17574DF8 /* AudioRecorderTests.swift */,
				6BF767CF1AA15DB2C2B82A1C /* ChordBindingStoreTests.swift */,
				65270DAE5CA7F1A37B4D890B /* ChordEngineTests.swift */,
				886EA12D06680BB95FB78309 /* CleanupBackendTests.swift */,
				A1B93B4F9F40EE6BD8525677 /* CleanupModelProbeRunnerTests.swift */,
				F36633332009332F588C183E /* CleanupPromptBuilderTests.swift */,
				350AC3A5A34A78F96226831C /* CorrectionStoreTests.swift */,
				1FE9E126BC8CAD84D453AD72 /* DebugLogStoreTests.swift */,
				9FBC0D906FF181E91A758F58 /* FocusedElementLocatorTests.swift */,
				363A3F98CDFC4CCAD927835C /* GhostPepperTests.swift */,
				589AC554EEF132B519736D92 /* HotkeyMonitorTests.swift */,
				0F634CFD724E29ECA57C0BB6 /* KeyChordTests.swift */,
				76A684AACE597180BC4B0169 /* MicPreviewControllerTests.swift */,
				A2E051FC96D522216E8C2F01 /* OCRContextTests.swift */,
				59666FBC728BF70A61983188 /* PerformanceTraceTests.swift */,
				ABAC2D0F6C311FB1DA3E9ABF /* PostPasteLearningCoordinatorTests.swift */,
				38C742095D3934D70BCE44E4 /* RuntimeModelInventoryTests.swift */,
				9C9ECBFE04804AA79262A07B /* ScreenRecordingPermissionControllerTests.swift */,
				231812B1BF8E3F2D5E0209F3 /* ShortcutCaptureStateTests.swift */,
				6B1A6E1B8F3D8C8F234BD408 /* SpeechTranscriberTests.swift */,
				49848DB685A19FBB6557B76E /* TextCleanerTests.swift */,
				770403076BA384F3E35AA7A1 /* TextCleanupManagerTests.swift */,
				B8760607B80C14BCBD5F9FC0 /* TextPasterTests.swift */,
			);
			path = GhostPepperTests;
			sourceTree = "<group>";
		};
/* End PBXGroup section */

/* Begin PBXNativeTarget section */
		5EBC085BD56A3725D371FB1A /* GhostPepper */ = {
			isa = PBXNativeTarget;
			buildConfigurationList = 0B62CC6358D7DB2D8265F051 /* Build configuration list for PBXNativeTarget "GhostPepper" */;
			buildPhases = (
				24067D7D335818724D4D6FCF /* Sources */,
				F218DCE315BF83F3FF5D0C15 /* Resources */,
				AFF40C97B06ADBEECEB999B8 /* Frameworks */,
			);
			buildRules = (
			);
			dependencies = (
			);
			name = GhostPepper;
			packageProductDependencies = (
				51FBB4B31E8E9293DC11143E /* WhisperKit */,
				23213B149CFD96C7F4B7B0F5 /* FluidAudio */,
				985AD96FDE69D89C0B2DA245 /* LLM */,
				52CD995A5FADA02097BCD33F /* Sparkle */,
			);
			productName = GhostPepper;
			productReference = 52BCF852883B9E469B61B56B /* GhostPepper.app */;
			productType = "com.apple.product-type.application";
		};
		7EC925A714005FEB57488230 /* GhostPepperTests */ = {
			isa = PBXNativeTarget;
			buildConfigurationList = C913AA3B2A85B8B4C5703BA5 /* Build configuration list for PBXNativeTarget "GhostPepperTests" */;
			buildPhases = (
				8FF7B36742B51E37D45569D3 /* Sources */,
			);
			buildRules = (
			);
			dependencies = (
				616A71515F589305BD1F6EC4 /* PBXTargetDependency */,
			);
			name = GhostPepperTests;
			packageProductDependencies = (
			);
			productName = GhostPepperTests;
			productReference = 338FDBA950D81CE2B3AC4EA0 /* GhostPepperTests.xctest */;
			productType = "com.apple.product-type.bundle.unit-test";
		};
		B4F32C29F16FC66F8900D9F4 /* CleanupModelProbe */ = {
			isa = PBXNativeTarget;
			buildConfigurationList = DE7C538858BBBB8E2EDFC980 /* Build configuration list for PBXNativeTarget "CleanupModelProbe" */;
			buildPhases = (
				410EFF3D25DB23D39499373E /* Sources */,
				4B2673F0A57E35AF28D789A8 /* Frameworks */,
			);
			buildRules = (
			);
			dependencies = (
			);
			name = CleanupModelProbe;
			packageProductDependencies = (
				28AB9D6DD22DB83ADFC3F6F3 /* LLM */,
			);
			productName = CleanupModelProbe;
			productReference = 5D68EDD354F149B2EF3963B7 /* CleanupModelProbe */;
			productType = "com.apple.product-type.tool";
		};
/* End PBXNativeTarget section */

/* Begin PBXProject section */
		1302485C4CA6C8B09F7839D9 /* Project object */ = {
			isa = PBXProject;
			attributes = {
				BuildIndependentTargetsInParallel = YES;
				LastUpgradeCheck = 1600;
				TargetAttributes = {
					5EBC085BD56A3725D371FB1A = {
						DevelopmentTeam = BBVMGXR9AY;
						ProvisioningStyle = Automatic;
					};
				};
			};
			buildConfigurationList = 4DD304029FEB6147483470FD /* Build configuration list for PBXProject "GhostPepper" */;
			compatibilityVersion = "Xcode 14.0";
			developmentRegion = en;
			hasScannedForEncodings = 0;
			knownRegions = (
				Base,
				en,
			);
			mainGroup = A02E15F442CE34FDC04742D1;
			minimizedProjectReferenceProxies = 1;
			packageReferences = (
				3BC7A258ECE1E44892C0C351 /* XCRemoteSwiftPackageReference "FluidAudio" */,
				FF5143DA3A0A948A0A7F982D /* XCRemoteSwiftPackageReference "LLM.swift" */,
				7193259C7B8193E12A21EF21 /* XCRemoteSwiftPackageReference "Sparkle" */,
				E56E28037799FE95D6CB5F71 /* XCRemoteSwiftPackageReference "WhisperKit" */,
			);
			preferredProjectObjectVersion = 77;
			projectDirPath = "";
			projectRoot = "";
			targets = (
				B4F32C29F16FC66F8900D9F4 /* CleanupModelProbe */,
				5EBC085BD56A3725D371FB1A /* GhostPepper */,
				7EC925A714005FEB57488230 /* GhostPepperTests */,
			);
		};
/* End PBXProject section */

/* Begin PBXResourcesBuildPhase section */
		F218DCE315BF83F3FF5D0C15 /* Resources */ = {
			isa = PBXResourcesBuildPhase;
			buildActionMask = 2147483647;
			files = (
				9BE17BC60B1F9CFD3747A844 /* Assets.xcassets in Resources */,
				0A1823314AE4FF4E17DCF627 /* sprite_frame_0.png in Resources */,
				527B55EBCA9ACB4EC0FBC618 /* sprite_frame_0@2x.png in Resources */,
				78678A0067436B71C2C1C3C9 /* sprite_frame_1.png in Resources */,
				E1592D455869910E6FE13200 /* sprite_frame_1@2x.png in Resources */,
				826FB25FE79E25F566EBEA68 /* sprite_frame_2.png in Resources */,
				38C7C0D8BB32CF7023CDE37B /* sprite_frame_2@2x.png in Resources */,
				FAF9039162919F44252430A3 /* sprite_frame_3.png in Resources */,
				9FF4377D176BB2AE30E4B08B /* sprite_frame_3@2x.png in Resources */,
				5473AA5B45F41F058B0503A0 /* sprite_frame_4.png in Resources */,
				1EF06A7EA54855634307E6A8 /* sprite_frame_4@2x.png in Resources */,
			);
			runOnlyForDeploymentPostprocessing = 0;
		};
/* End PBXResourcesBuildPhase section */

/* Begin PBXSourcesBuildPhase section */
		24067D7D335818724D4D6FCF /* Sources */ = {
			isa = PBXSourcesBuildPhase;
			buildActionMask = 2147483647;
			files = (
				B4F9DA24EDE1C2CCDDC80AE5 /* AppRelauncher.swift in Sources */,
				A9E5AB4DC4D58FB4C50A1B23 /* AppState.swift in Sources */,
				780CB9207962633AEE3E69BD /* AudioDeviceManager.swift in Sources */,
				4EAE492B8F7F4CB18D2E0FE9 /* AudioRecorder.swift in Sources */,
				2230B29BF920D15E5150B97E /* ChordAction.swift in Sources */,
				DBA25ED4D9D561452CE6EA50 /* ChordBindingStore.swift in Sources */,
				6EA6ACF174AAA398586CC03A /* ChordEngine.swift in Sources */,
				DA27C59BD3F0752E0E337813 /* CleanupBackend.swift in Sources */,
				635E00F7C849159760D86642 /* CleanupModelProbeCLI.swift in Sources */,
				1AB34878C4E7E375F34A1339 /* CleanupModelProbeRunner.swift in Sources */,
				1D533340C55B7F67AE1B4E94 /* CleanupPromptBuilder.swift in Sources */,
				17AF31EA19761CA8B7DF5F9A /* CleanupSettings.swift in Sources */,
				2BEB4B4A879A749C8B92BE44 /* CorrectionStore.swift in Sources */,
				75509873255097FF99B8071F /* DebugLogStore.swift in Sources */,
				8990B2F77435E351A458EDD9 /* DebugLogWindow.swift in Sources */,
				3E0533A0DF5754339BF5C410 /* DeterministicCorrectionEngine.swift in Sources */,
				58786AC40C6823691E15369C /* FocusedElementLocator.swift in Sources */,
				2911F1771ED7BA232F973EC1 /* FrontmostWindowOCRService.swift in Sources */,
				31E37E3EDDB8A0E5011BCA54 /* GhostPepperApp.swift in Sources */,
				BF329CF451CC34A3B74348CC /* HotkeyMonitor.swift in Sources */,
				77089185C9C0C0EDC4536F0A /* KeyChord.swift in Sources */,
				CC795C47BAF8CEF62790BAFF /* LocalLLMCleanupBackend.swift in Sources */,
				5589DDF10DE9446993C99B6B /* MenuBarView.swift in Sources */,
				9A7637F5576B21D74F14149D /* ModelInventory.swift in Sources */,
				C1A07FBD7318A26BA879232A /* ModelInventoryViews.swift in Sources */,
				5AC883ADFD11721A8E9E4D37 /* ModelManager.swift in Sources */,
				5AFD58B50823656E71CF3AA9 /* OCRContext.swift in Sources */,
				CBDE26BEEBD0419A73D09DFC /* OCRRequestFactory.swift in Sources */,
				CE62853358A180E54150BCA4 /* OnboardingWindow.swift in Sources */,
				572FDC1B8744EECF73C0EA86 /* PasteSession.swift in Sources */,
				408C8D6C7BE897429324F4F1 /* PerformanceTrace.swift in Sources */,
				A3183D30BAD0A1C2712E033F /* PermissionChecker.swift in Sources */,
				4F4C2206E3914B226A9DE4C0 /* PhysicalKey.swift in Sources */,
				AF1DD5FE5059779E1D5D59C2 /* PostPasteLearningCoordinator.swift in Sources */,
				C18E7F36CC6523A86671707D /* PromptEditorWindow.swift in Sources */,
				0BC5D4645D21CA8AA000972E /* RecordingOverlay.swift in Sources */,
				056C454F3BD1A9795C6775A5 /* ScreenRecordingPermissionController.swift in Sources */,
				80C9E55FF57A1A03033DDDAE /* SettingsWindow.swift in Sources */,
				D87DC24D05DAC4ED292C077B /* ShortcutCaptureState.swift in Sources */,
				FD94594085550A2A71F3F533 /* ShortcutRecorderView.swift in Sources */,
				5651037151CFDA0813775EFF /* SoundEffects.swift in Sources */,
				194F5FBCC55E0EA3E0351C15 /* SpeechModelCatalog.swift in Sources */,
				C54F09E5E2BAA930626E855C /* SpeechTranscriber.swift in Sources */,
				361E7532F651C1BF7F0D0724 /* TextCleaner.swift in Sources */,
				4CFBE4928A2B811D649B4140 /* TextCleanupManager.swift in Sources */,
				5AB7257704509FD4BC36F69E /* TextPaster.swift in Sources */,
				829C83DF25112D375A8DB767 /* UpdaterController.swift in Sources */,
				750B0226D3A035D24259B606 /* WindowCaptureService.swift in Sources */,
			);
			runOnlyForDeploymentPostprocessing = 0;
		};
		410EFF3D25DB23D39499373E /* Sources */ = {
			isa = PBXSourcesBuildPhase;
			buildActionMask = 2147483647;
			files = (
				DFC262622EF144E344A49C8C /* CleanupBackend.swift in Sources */,
				36715F4371E0C7AA79F4504D /* CleanupModelProbeCLI.swift in Sources */,
				6F3DA53FA7B4119405D86DE8 /* CleanupModelProbeRunner.swift in Sources */,
				11B19088ACBD174CFD3DD531 /* CleanupPromptBuilder.swift in Sources */,
				6585677AF7949BEA14C0B3B2 /* CleanupSettings.swift in Sources */,
				B40929D00FF388C3308CACDD /* CorrectionStore.swift in Sources */,
				E3FB1CC9DA749F6CCCE3EBD3 /* DebugLogStore.swift in Sources */,
				3616DFB43A67CFF21CBC1143 /* DeterministicCorrectionEngine.swift in Sources */,
				3989B83A45309986C17953D8 /* LocalLLMCleanupBackend.swift in Sources */,
				5CCF5560BDC9AD0982A69F3D /* OCRContext.swift in Sources */,
				B0E4A139001EF2DF0E809935 /* TextCleaner.swift in Sources */,
				3972174DE774A173431A5EA7 /* TextCleanupManager.swift in Sources */,
				2D74E2B753F02B4D39999E57 /* main.swift in Sources */,
			);
			runOnlyForDeploymentPostprocessing = 0;
		};
		8FF7B36742B51E37D45569D3 /* Sources */ = {
			isa = PBXSourcesBuildPhase;
			buildActionMask = 2147483647;
			files = (
				242A5D63A9F6E3FAD4E09F7D /* AudioRecorderTests.swift in Sources */,
				91B80C940C09B24CE80A4B81 /* ChordBindingStoreTests.swift in Sources */,
				783179FB65E4B507B25CF691 /* ChordEngineTests.swift in Sources */,
				E06EAD2221790D5444E1F8E0 /* CleanupBackendTests.swift in Sources */,
				0D32E8DDD47F77F86D9C1816 /* CleanupModelProbeRunnerTests.swift in Sources */,
				A4826C92959DD203D5239B8E /* CleanupPromptBuilderTests.swift in Sources */,
				3512549BBD28CC74C0137FA3 /* CorrectionStoreTests.swift in Sources */,
				C4E8739F267E3096E97FBE71 /* DebugLogStoreTests.swift in Sources */,
				F0598B5D027A5B31EF1B7664 /* FocusedElementLocatorTests.swift in Sources */,
				FC6AACB283BD40C4FBA78F3D /* GhostPepperTests.swift in Sources */,
				637A68B05AD8479E0B5D52A7 /* HotkeyMonitorTests.swift in Sources */,
				AB0AC6DC19EC0DB440F5B123 /* KeyChordTests.swift in Sources */,
				B6F20B2AC3141F58C5CC59F5 /* MicPreviewControllerTests.swift in Sources */,
				E5E590FA60691DA4B57DA7CB /* OCRContextTests.swift in Sources */,
				E3302E239909CAEC0865A035 /* PerformanceTraceTests.swift in Sources */,
				41C94A48B97D3A6861EA1E92 /* PostPasteLearningCoordinatorTests.swift in Sources */,
				571085951E318B0ADD2B00EA /* RuntimeModelInventoryTests.swift in Sources */,
				0606E11E6F102BBB44ED08B6 /* ScreenRecordingPermissionControllerTests.swift in Sources */,
				BE7701382D2CC62C1CEBF29C /* ShortcutCaptureStateTests.swift in Sources */,
				BEC965DB305742A9F42897F8 /* SpeechTranscriberTests.swift in Sources */,
				EE25B297BB7834C3C90423B9 /* TextCleanerTests.swift in Sources */,
				E061E99A8C7A3977245EAEC5 /* TextCleanupManagerTests.swift in Sources */,
				90F411F8E3564F1C5DDD1A5F /* TextPasterTests.swift in Sources */,
			);
			runOnlyForDeploymentPostprocessing = 0;
		};
/* End PBXSourcesBuildPhase section */

/* Begin PBXTargetDependency section */
		616A71515F589305BD1F6EC4 /* PBXTargetDependency */ = {
			isa = PBXTargetDependency;
			target = 5EBC085BD56A3725D371FB1A /* GhostPepper */;
			targetProxy = 2547F5EDD29749EB47A61BB7 /* PBXContainerItemProxy */;
		};
/* End PBXTargetDependency section */

/* Begin XCBuildConfiguration section */
		1E4BC3C9A2D9995B5339A1F0 /* Release */ = {
			isa = XCBuildConfiguration;
			buildSettings = {
				ASSETCATALOG_COMPILER_APPICON_NAME = AppIcon;
				CODE_SIGN_ALLOW_ENTITLEMENTS_MODIFICATION = YES;
				CODE_SIGN_ENTITLEMENTS = GhostPepper/GhostPepper.entitlements;
				CODE_SIGN_IDENTITY = "Apple Development";
				CODE_SIGN_STYLE = Automatic;
				COMBINE_HIDPI_IMAGES = YES;
				DEVELOPMENT_TEAM = BBVMGXR9AY;
				ENABLE_APP_SANDBOX = NO;
				ENABLE_HARDENED_RUNTIME = NO;
				INFOPLIST_FILE = GhostPepper/Info.plist;
				LD_RUNPATH_SEARCH_PATHS = (
					"$(inherited)",
					"@executable_path/../Frameworks",
				);
				PRODUCT_BUNDLE_IDENTIFIER = com.github.matthartman.ghostpepper;
				SDKROOT = macosx;
			};
			name = Release;
		};
		5A5A6FF9BFB695BDD467C31A /* Debug */ = {
			isa = XCBuildConfiguration;
			buildSettings = {
				BUNDLE_LOADER = "$(TEST_HOST)";
				COMBINE_HIDPI_IMAGES = YES;
				GENERATE_INFOPLIST_FILE = YES;
				LD_RUNPATH_SEARCH_PATHS = (
					"$(inherited)",
					"@executable_path/../Frameworks",
					"@loader_path/../Frameworks",
				);
				PRODUCT_BUNDLE_IDENTIFIER = com.github.matthartman.GhostPepperTests;
				SDKROOT = macosx;
				TEST_HOST = "$(BUILT_PRODUCTS_DIR)/GhostPepper.app/Contents/MacOS/GhostPepper";
			};
			name = Debug;
		};
		7EA782C40EAAA1B71A1CBB06 /* Release */ = {
			isa = XCBuildConfiguration;
			buildSettings = {
				COMBINE_HIDPI_IMAGES = YES;
				GENERATE_INFOPLIST_FILE = YES;
				LD_RUNPATH_SEARCH_PATHS = (
					"$(inherited)",
					"@executable_path/Frameworks",
				);
				PRODUCT_BUNDLE_IDENTIFIER = "com.github.matthartman.ghostpepper.cleanup-model-probe";
				SDKROOT = macosx;
			};
			name = Release;
		};
		84D221D8273E90FEF61D490D /* Release */ = {
			isa = XCBuildConfiguration;
			buildSettings = {
				BUNDLE_LOADER = "$(TEST_HOST)";
				COMBINE_HIDPI_IMAGES = YES;
				GENERATE_INFOPLIST_FILE = YES;
				LD_RUNPATH_SEARCH_PATHS = (
					"$(inherited)",
					"@executable_path/../Frameworks",
					"@loader_path/../Frameworks",
				);
				PRODUCT_BUNDLE_IDENTIFIER = com.github.matthartman.GhostPepperTests;
				SDKROOT = macosx;
				TEST_HOST = "$(BUILT_PRODUCTS_DIR)/GhostPepper.app/Contents/MacOS/GhostPepper";
			};
			name = Release;
		};
		8DF665B7A698999A85133E2C /* Debug */ = {
			isa = XCBuildConfiguration;
			buildSettings = {
				COMBINE_HIDPI_IMAGES = YES;
				GENERATE_INFOPLIST_FILE = YES;
				LD_RUNPATH_SEARCH_PATHS = (
					"$(inherited)",
					"@executable_path/Frameworks",
				);
				PRODUCT_BUNDLE_IDENTIFIER = "com.github.matthartman.ghostpepper.cleanup-model-probe";
				SDKROOT = macosx;
			};
			name = Debug;
		};
		DFDCC5FCC122D41D7513B195 /* Debug */ = {
			isa = XCBuildConfiguration;
			buildSettings = {
				ALWAYS_SEARCH_USER_PATHS = NO;
				CLANG_ANALYZER_NONNULL = YES;
				CLANG_ANALYZER_NUMBER_OBJECT_CONVERSION = YES_AGGRESSIVE;
				CLANG_CXX_LANGUAGE_STANDARD = "gnu++14";
				CLANG_CXX_LIBRARY = "libc++";
				CLANG_ENABLE_MODULES = YES;
				CLANG_ENABLE_OBJC_ARC = YES;
				CLANG_ENABLE_OBJC_WEAK = YES;
				CLANG_WARN_BLOCK_CAPTURE_AUTORELEASING = YES;
				CLANG_WARN_BOOL_CONVERSION = YES;
				CLANG_WARN_COMMA = YES;
				CLANG_WARN_CONSTANT_CONVERSION = YES;
				CLANG_WARN_DEPRECATED_OBJC_IMPLEMENTATIONS = YES;
				CLANG_WARN_DIRECT_OBJC_ISA_USAGE = YES_ERROR;
				CLANG_WARN_DOCUMENTATION_COMMENTS = YES;
				CLANG_WARN_EMPTY_BODY = YES;
				CLANG_WARN_ENUM_CONVERSION = YES;
				CLANG_WARN_INFINITE_RECURSION = YES;
				CLANG_WARN_INT_CONVERSION = YES;
				CLANG_WARN_NON_LITERAL_NULL_CONVERSION = YES;
				CLANG_WARN_OBJC_IMPLICIT_RETAIN_SELF = YES;
				CLANG_WARN_OBJC_LITERAL_CONVERSION = YES;
				CLANG_WARN_OBJC_ROOT_CLASS = YES_ERROR;
				CLANG_WARN_QUOTED_INCLUDE_IN_FRAMEWORK_HEADER = YES;
				CLANG_WARN_RANGE_LOOP_ANALYSIS = YES;
				CLANG_WARN_STRICT_PROTOTYPES = YES;
				CLANG_WARN_SUSPICIOUS_MOVE = YES;
				CLANG_WARN_UNGUARDED_AVAILABILITY = YES_AGGRESSIVE;
				CLANG_WARN_UNREACHABLE_CODE = YES;
				CLANG_WARN__DUPLICATE_METHOD_MATCH = YES;
				COPY_PHASE_STRIP = NO;
				DEBUG_INFORMATION_FORMAT = dwarf;
				ENABLE_STRICT_OBJC_MSGSEND = YES;
				ENABLE_TESTABILITY = YES;
				GCC_C_LANGUAGE_STANDARD = gnu11;
				GCC_DYNAMIC_NO_PIC = NO;
				GCC_NO_COMMON_BLOCKS = YES;
				GCC_OPTIMIZATION_LEVEL = 0;
				GCC_PREPROCESSOR_DEFINITIONS = (
					"$(inherited)",
					"DEBUG=1",
				);
				GCC_WARN_64_TO_32_BIT_CONVERSION = YES;
				GCC_WARN_ABOUT_RETURN_TYPE = YES_ERROR;
				GCC_WARN_UNDECLARED_SELECTOR = YES;
				GCC_WARN_UNINITIALIZED_AUTOS = YES_AGGRESSIVE;
				GCC_WARN_UNUSED_FUNCTION = YES;
				GCC_WARN_UNUSED_VARIABLE = YES;
				MACOSX_DEPLOYMENT_TARGET = 14.0;
				MTL_ENABLE_DEBUG_INFO = INCLUDE_SOURCE;
				MTL_FAST_MATH = YES;
				ONLY_ACTIVE_ARCH = YES;
				PRODUCT_NAME = "$(TARGET_NAME)";
				SDKROOT = macosx;
				SWIFT_ACTIVE_COMPILATION_CONDITIONS = DEBUG;
				SWIFT_OPTIMIZATION_LEVEL = "-Onone";
				SWIFT_VERSION = 5.0;
			};
			name = Debug;
		};
		E539A0CB0CD4C3B8D54B2855 /* Debug */ = {
			isa = XCBuildConfiguration;
			buildSettings = {
				ASSETCATALOG_COMPILER_APPICON_NAME = AppIcon;
				CODE_SIGN_ALLOW_ENTITLEMENTS_MODIFICATION = YES;
				CODE_SIGN_ENTITLEMENTS = GhostPepper/GhostPepper.entitlements;
				CODE_SIGN_IDENTITY = "Apple Development";
				CODE_SIGN_STYLE = Automatic;
				COMBINE_HIDPI_IMAGES = YES;
				DEVELOPMENT_TEAM = BBVMGXR9AY;
				ENABLE_APP_SANDBOX = NO;
				ENABLE_HARDENED_RUNTIME = NO;
				INFOPLIST_FILE = GhostPepper/Info.plist;
				LD_RUNPATH_SEARCH_PATHS = (
					"$(inherited)",
					"@executable_path/../Frameworks",
				);
				PRODUCT_BUNDLE_IDENTIFIER = com.github.matthartman.ghostpepper;
				SDKROOT = macosx;
			};
			name = Debug;
		};
		EEAE3B8C6A34737D629B9E98 /* Release */ = {
			isa = XCBuildConfiguration;
			buildSettings = {
				ALWAYS_SEARCH_USER_PATHS = NO;
				CLANG_ANALYZER_NONNULL = YES;
				CLANG_ANALYZER_NUMBER_OBJECT_CONVERSION = YES_AGGRESSIVE;
				CLANG_CXX_LANGUAGE_STANDARD = "gnu++14";
				CLANG_CXX_LIBRARY = "libc++";
				CLANG_ENABLE_MODULES = YES;
				CLANG_ENABLE_OBJC_ARC = YES;
				CLANG_ENABLE_OBJC_WEAK = YES;
				CLANG_WARN_BLOCK_CAPTURE_AUTORELEASING = YES;
				CLANG_WARN_BOOL_CONVERSION = YES;
				CLANG_WARN_COMMA = YES;
				CLANG_WARN_CONSTANT_CONVERSION = YES;
				CLANG_WARN_DEPRECATED_OBJC_IMPLEMENTATIONS = YES;
				CLANG_WARN_DIRECT_OBJC_ISA_USAGE = YES_ERROR;
				CLANG_WARN_DOCUMENTATION_COMMENTS = YES;
				CLANG_WARN_EMPTY_BODY = YES;
				CLANG_WARN_ENUM_CONVERSION = YES;
				CLANG_WARN_INFINITE_RECURSION = YES;
				CLANG_WARN_INT_CONVERSION = YES;
				CLANG_WARN_NON_LITERAL_NULL_CONVERSION = YES;
				CLANG_WARN_OBJC_IMPLICIT_RETAIN_SELF = YES;
				CLANG_WARN_OBJC_LITERAL_CONVERSION = YES;
				CLANG_WARN_OBJC_ROOT_CLASS = YES_ERROR;
				CLANG_WARN_QUOTED_INCLUDE_IN_FRAMEWORK_HEADER = YES;
				CLANG_WARN_RANGE_LOOP_ANALYSIS = YES;
				CLANG_WARN_STRICT_PROTOTYPES = YES;
				CLANG_WARN_SUSPICIOUS_MOVE = YES;
				CLANG_WARN_UNGUARDED_AVAILABILITY = YES_AGGRESSIVE;
				CLANG_WARN_UNREACHABLE_CODE = YES;
				CLANG_WARN__DUPLICATE_METHOD_MATCH = YES;
				COPY_PHASE_STRIP = NO;
				DEBUG_INFORMATION_FORMAT = "dwarf-with-dsym";
				ENABLE_NS_ASSERTIONS = NO;
				ENABLE_STRICT_OBJC_MSGSEND = YES;
				GCC_C_LANGUAGE_STANDARD = gnu11;
				GCC_NO_COMMON_BLOCKS = YES;
				GCC_WARN_64_TO_32_BIT_CONVERSION = YES;
				GCC_WARN_ABOUT_RETURN_TYPE = YES_ERROR;
				GCC_WARN_UNDECLARED_SELECTOR = YES;
				GCC_WARN_UNINITIALIZED_AUTOS = YES_AGGRESSIVE;
				GCC_WARN_UNUSED_FUNCTION = YES;
				GCC_WARN_UNUSED_VARIABLE = YES;
				MACOSX_DEPLOYMENT_TARGET = 14.0;
				MTL_ENABLE_DEBUG_INFO = NO;
				MTL_FAST_MATH = YES;
				PRODUCT_NAME = "$(TARGET_NAME)";
				SDKROOT = macosx;
				SWIFT_COMPILATION_MODE = wholemodule;
				SWIFT_OPTIMIZATION_LEVEL = "-O";
				SWIFT_VERSION = 5.0;
			};
			name = Release;
		};
/* End XCBuildConfiguration section */

/* Begin XCConfigurationList section */
		0B62CC6358D7DB2D8265F051 /* Build configuration list for PBXNativeTarget "GhostPepper" */ = {
			isa = XCConfigurationList;
			buildConfigurations = (
				E539A0CB0CD4C3B8D54B2855 /* Debug */,
				1E4BC3C9A2D9995B5339A1F0 /* Release */,
			);
			defaultConfigurationIsVisible = 0;
			defaultConfigurationName = Debug;
		};
		4DD304029FEB6147483470FD /* Build configuration list for PBXProject "GhostPepper" */ = {
			isa = XCConfigurationList;
			buildConfigurations = (
				DFDCC5FCC122D41D7513B195 /* Debug */,
				EEAE3B8C6A34737D629B9E98 /* Release */,
			);
			defaultConfigurationIsVisible = 0;
			defaultConfigurationName = Debug;
		};
		C913AA3B2A85B8B4C5703BA5 /* Build configuration list for PBXNativeTarget "GhostPepperTests" */ = {
			isa = XCConfigurationList;
			buildConfigurations = (
				5A5A6FF9BFB695BDD467C31A /* Debug */,
				84D221D8273E90FEF61D490D /* Release */,
			);
			defaultConfigurationIsVisible = 0;
			defaultConfigurationName = Debug;
		};
		DE7C538858BBBB8E2EDFC980 /* Build configuration list for PBXNativeTarget "CleanupModelProbe" */ = {
			isa = XCConfigurationList;
			buildConfigurations = (
				8DF665B7A698999A85133E2C /* Debug */,
				7EA782C40EAAA1B71A1CBB06 /* Release */,
			);
			defaultConfigurationIsVisible = 0;
			defaultConfigurationName = Debug;
		};
/* End XCConfigurationList section */

/* Begin XCRemoteSwiftPackageReference section */
		3BC7A258ECE1E44892C0C351 /* XCRemoteSwiftPackageReference "FluidAudio" */ = {
			isa = XCRemoteSwiftPackageReference;
			repositoryURL = "https://github.com/FluidInference/FluidAudio.git";
			requirement = {
				kind = upToNextMajorVersion;
				minimumVersion = 0.12.4;
			};
		};
		7193259C7B8193E12A21EF21 /* XCRemoteSwiftPackageReference "Sparkle" */ = {
			isa = XCRemoteSwiftPackageReference;
			repositoryURL = "https://github.com/sparkle-project/Sparkle.git";
			requirement = {
				kind = upToNextMajorVersion;
				minimumVersion = 2.6.0;
			};
		};
		E56E28037799FE95D6CB5F71 /* XCRemoteSwiftPackageReference "WhisperKit" */ = {
			isa = XCRemoteSwiftPackageReference;
			repositoryURL = "https://github.com/argmaxinc/WhisperKit.git";
			requirement = {
				kind = upToNextMajorVersion;
				minimumVersion = 0.16.0;
			};
		};
		FF5143DA3A0A948A0A7F982D /* XCRemoteSwiftPackageReference "LLM.swift" */ = {
			isa = XCRemoteSwiftPackageReference;
			repositoryURL = "https://github.com/obra/LLM.swift.git";
			requirement = {
				branch = main;
				kind = branch;
			};
		};
/* End XCRemoteSwiftPackageReference section */

/* Begin XCSwiftPackageProductDependency section */
		23213B149CFD96C7F4B7B0F5 /* FluidAudio */ = {
			isa = XCSwiftPackageProductDependency;
			package = 3BC7A258ECE1E44892C0C351 /* XCRemoteSwiftPackageReference "FluidAudio" */;
			productName = FluidAudio;
		};
		28AB9D6DD22DB83ADFC3F6F3 /* LLM */ = {
			isa = XCSwiftPackageProductDependency;
			package = FF5143DA3A0A948A0A7F982D /* XCRemoteSwiftPackageReference "LLM.swift" */;
			productName = LLM;
		};
		51FBB4B31E8E9293DC11143E /* WhisperKit */ = {
			isa = XCSwiftPackageProductDependency;
			package = E56E28037799FE95D6CB5F71 /* XCRemoteSwiftPackageReference "WhisperKit" */;
			productName = WhisperKit;
		};
		52CD995A5FADA02097BCD33F /* Sparkle */ = {
			isa = XCSwiftPackageProductDependency;
			package = 7193259C7B8193E12A21EF21 /* XCRemoteSwiftPackageReference "Sparkle" */;
			productName = Sparkle;
		};
		985AD96FDE69D89C0B2DA245 /* LLM */ = {
			isa = XCSwiftPackageProductDependency;
			package = FF5143DA3A0A948A0A7F982D /* XCRemoteSwiftPackageReference "LLM.swift" */;
			productName = LLM;
		};
/* End XCSwiftPackageProductDependency section */
	};
	rootObject = 1302485C4CA6C8B09F7839D9 /* Project object */;
}
